// !$*UTF8*$!
{
	archiveVersion = 1;
	classes = {
	};
	objectVersion = 50;
	objects = {

/* Begin PBXBuildFile section */
		1E3B278520F88E2500D9DBB2 /* PageConvertToImageTests.swift in Sources */ = {isa = PBXBuildFile; fileRef = 1E3B278420F88E2500D9DBB2 /* PageConvertToImageTests.swift */; };
		1E4BCA3820DE64A2002B310F /* SplitResultDocument.swift in Sources */ = {isa = PBXBuildFile; fileRef = 1E4BC9D820DE6498002B310F /* SplitResultDocument.swift */; };
		1E4BCA3920DE64A2002B310F /* WordCountResponse.swift in Sources */ = {isa = PBXBuildFile; fileRef = 1E4BC9D920DE6498002B310F /* WordCountResponse.swift */; };
		1E4BCA3A20DE64A2002B310F /* WrapMode.swift in Sources */ = {isa = PBXBuildFile; fileRef = 1E4BC9DA20DE6498002B310F /* WrapMode.swift */; };
		1E4BCA3B20DE64A2002B310F /* Image.swift in Sources */ = {isa = PBXBuildFile; fileRef = 1E4BC9DB20DE6498002B310F /* Image.swift */; };
		1E4BCA3C20DE64A2002B310F /* DocumentTextReplaceResponse.swift in Sources */ = {isa = PBXBuildFile; fileRef = 1E4BC9DC20DE6498002B310F /* DocumentTextReplaceResponse.swift */; };
		1E4BCA3D20DE64A2002B310F /* Fields.swift in Sources */ = {isa = PBXBuildFile; fileRef = 1E4BC9DD20DE6498002B310F /* Fields.swift */; };
		1E4BCA3E20DE64A2002B310F /* DocumentProperties.swift in Sources */ = {isa = PBXBuildFile; fileRef = 1E4BC9DE20DE6498002B310F /* DocumentProperties.swift */; };
		1E4BCA3F20DE64A2002B310F /* ImagesResponse.swift in Sources */ = {isa = PBXBuildFile; fileRef = 1E4BC9DF20DE6498002B310F /* ImagesResponse.swift */; };
		1E4BCA4020DE64A2002B310F /* Annotations.swift in Sources */ = {isa = PBXBuildFile; fileRef = 1E4BC9E020DE6498002B310F /* Annotations.swift */; };
		1E4BCA4120DE64A2002B310F /* PartsEmbeddingModes.swift in Sources */ = {isa = PBXBuildFile; fileRef = 1E4BC9E120DE6498002B310F /* PartsEmbeddingModes.swift */; };
		1E4BCA4220DE64A2002B310F /* Field.swift in Sources */ = {isa = PBXBuildFile; fileRef = 1E4BC9E220DE6498002B310F /* Field.swift */; };
		1E4BCA4320DE64A2002B310F /* TextItemResponse.swift in Sources */ = {isa = PBXBuildFile; fileRef = 1E4BC9E320DE6498002B310F /* TextItemResponse.swift */; };
		1E4BCA4420DE64A2002B310F /* TextRectsResponse.swift in Sources */ = {isa = PBXBuildFile; fileRef = 1E4BC9E420DE6498002B310F /* TextRectsResponse.swift */; };
		1E4BCA4520DE64A2002B310F /* TextReplaceResponse.swift in Sources */ = {isa = PBXBuildFile; fileRef = 1E4BC9E520DE6498002B310F /* TextReplaceResponse.swift */; };
		1E4BCA4620DE64A2002B310F /* FontStyles.swift in Sources */ = {isa = PBXBuildFile; fileRef = 1E4BC9E620DE6498002B310F /* FontStyles.swift */; };
		1E4BCA4720DE64A2002B310F /* MergeDocuments.swift in Sources */ = {isa = PBXBuildFile; fileRef = 1E4BC9E720DE6498002B310F /* MergeDocuments.swift */; };
		1E4BCA4820DE64A2002B310F /* AnnotationResponse.swift in Sources */ = {isa = PBXBuildFile; fileRef = 1E4BC9E820DE6498002B310F /* AnnotationResponse.swift */; };
		1E4BCA4920DE64A2002B310F /* HttpStatusCode.swift in Sources */ = {isa = PBXBuildFile; fileRef = 1E4BC9E920DE6499002B310F /* HttpStatusCode.swift */; };
		1E4BCA4A20DE64A2002B310F /* LinkAnnotationsResponse.swift in Sources */ = {isa = PBXBuildFile; fileRef = 1E4BC9EA20DE6499002B310F /* LinkAnnotationsResponse.swift */; };
		1E4BCA4B20DE64A2002B310F /* Rotation.swift in Sources */ = {isa = PBXBuildFile; fileRef = 1E4BC9EB20DE6499002B310F /* Rotation.swift */; };
		1E4BCA4C20DE64A2002B310F /* VerticalAlignment.swift in Sources */ = {isa = PBXBuildFile; fileRef = 1E4BC9EC20DE6499002B310F /* VerticalAlignment.swift */; };
		1E4BCA4D20DE64A2002B310F /* DocumentPagesResponse.swift in Sources */ = {isa = PBXBuildFile; fileRef = 1E4BC9ED20DE6499002B310F /* DocumentPagesResponse.swift */; };
		1E4BCA4E20DE64A2002B310F /* FieldType.swift in Sources */ = {isa = PBXBuildFile; fileRef = 1E4BC9EE20DE6499002B310F /* FieldType.swift */; };
		1E4BCA4F20DE64A2002B310F /* StampType.swift in Sources */ = {isa = PBXBuildFile; fileRef = 1E4BC9EF20DE6499002B310F /* StampType.swift */; };
		1E4BCA5020DE64A2002B310F /* TextRect.swift in Sources */ = {isa = PBXBuildFile; fileRef = 1E4BC9F020DE6499002B310F /* TextRect.swift */; };
		1E4BCA5120DE64A2002B310F /* TextReplace.swift in Sources */ = {isa = PBXBuildFile; fileRef = 1E4BC9F120DE6499002B310F /* TextReplace.swift */; };
		1E4BCA5220DE64A2002B310F /* Segment.swift in Sources */ = {isa = PBXBuildFile; fileRef = 1E4BC9F220DE6499002B310F /* Segment.swift */; };
		1E4BCA5320DE64A2002B310F /* ShapeType.swift in Sources */ = {isa = PBXBuildFile; fileRef = 1E4BC9F320DE6499002B310F /* ShapeType.swift */; };
		1E4BCA5420DE64A2002B310F /* Link.swift in Sources */ = {isa = PBXBuildFile; fileRef = 1E4BC9F420DE6499002B310F /* Link.swift */; };
		1E4BCA5520DE64A2002B310F /* Paragraph.swift in Sources */ = {isa = PBXBuildFile; fileRef = 1E4BC9F520DE649A002B310F /* Paragraph.swift */; };
		1E4BCA5620DE64A2002B310F /* SplitResultResponse.swift in Sources */ = {isa = PBXBuildFile; fileRef = 1E4BC9F620DE649A002B310F /* SplitResultResponse.swift */; };
		1E4BCA5720DE64A2002B310F /* TextLine.swift in Sources */ = {isa = PBXBuildFile; fileRef = 1E4BC9F720DE649A002B310F /* TextLine.swift */; };
		1E4BCA5820DE64A2002B310F /* Signature.swift in Sources */ = {isa = PBXBuildFile; fileRef = 1E4BC9F820DE649A002B310F /* Signature.swift */; };
		1E4BCA5920DE64A2002B310F /* DocumentPrivilege.swift in Sources */ = {isa = PBXBuildFile; fileRef = 1E4BC9F920DE649A002B310F /* DocumentPrivilege.swift */; };
		1E4BCA5A20DE64A2002B310F /* TextRects.swift in Sources */ = {isa = PBXBuildFile; fileRef = 1E4BC9FA20DE649A002B310F /* TextRects.swift */; };
		1E4BCA5B20DE64A2002B310F /* OptimizeOptions.swift in Sources */ = {isa = PBXBuildFile; fileRef = 1E4BC9FB20DE649A002B310F /* OptimizeOptions.swift */; };
		1E4BCA5C20DE64A2002B310F /* Rectangle.swift in Sources */ = {isa = PBXBuildFile; fileRef = 1E4BC9FC20DE649A002B310F /* Rectangle.swift */; };
		1E4BCA5D20DE64A2002B310F /* DocumentResponse.swift in Sources */ = {isa = PBXBuildFile; fileRef = 1E4BC9FD20DE649A002B310F /* DocumentResponse.swift */; };
		1E4BCA5E20DE64A2002B310F /* LinkAnnotation.swift in Sources */ = {isa = PBXBuildFile; fileRef = 1E4BC9FE20DE649B002B310F /* LinkAnnotation.swift */; };
		1E4BCA5F20DE64A2002B310F /* Color.swift in Sources */ = {isa = PBXBuildFile; fileRef = 1E4BC9FF20DE649B002B310F /* Color.swift */; };
		1E4BCA6020DE64A2002B310F /* LinkHighlightingMode.swift in Sources */ = {isa = PBXBuildFile; fileRef = 1E4BCA0020DE649B002B310F /* LinkHighlightingMode.swift */; };
		1E4BCA6120DE64A2002B310F /* Annotation.swift in Sources */ = {isa = PBXBuildFile; fileRef = 1E4BCA0120DE649B002B310F /* Annotation.swift */; };
		1E4BCA6220DE64A2002B310F /* ImagesListRequest.swift in Sources */ = {isa = PBXBuildFile; fileRef = 1E4BCA0220DE649B002B310F /* ImagesListRequest.swift */; };
		1E4BCA6320DE64A2002B310F /* LettersPositioningMethods.swift in Sources */ = {isa = PBXBuildFile; fileRef = 1E4BCA0320DE649B002B310F /* LettersPositioningMethods.swift */; };
		1E4BCA6420DE64A2002B310F /* TextReplaceListRequest.swift in Sources */ = {isa = PBXBuildFile; fileRef = 1E4BCA0420DE649B002B310F /* TextReplaceListRequest.swift */; };
		1E4BCA6520DE64A2002B310F /* WordCount.swift in Sources */ = {isa = PBXBuildFile; fileRef = 1E4BCA0520DE649B002B310F /* WordCount.swift */; };
		1E4BCA6620DE64A2002B310F /* AttachmentResponse.swift in Sources */ = {isa = PBXBuildFile; fileRef = 1E4BCA0620DE649B002B310F /* AttachmentResponse.swift */; };
		1E4BCA6720DE64A2002B310F /* TextItem.swift in Sources */ = {isa = PBXBuildFile; fileRef = 1E4BCA0720DE649C002B310F /* TextItem.swift */; };
		1E4BCA6820DE64A2002B310F /* TextReplaceRequest.swift in Sources */ = {isa = PBXBuildFile; fileRef = 1E4BCA0820DE649C002B310F /* TextReplaceRequest.swift */; };
		1E4BCA6920DE64A2002B310F /* TextState.swift in Sources */ = {isa = PBXBuildFile; fileRef = 1E4BCA0920DE649C002B310F /* TextState.swift */; };
		1E4BCA6A20DE64A2002B310F /* Attachment.swift in Sources */ = {isa = PBXBuildFile; fileRef = 1E4BCA0A20DE649C002B310F /* Attachment.swift */; };
		1E4BCA6B20DE64A2002B310F /* LinkElement.swift in Sources */ = {isa = PBXBuildFile; fileRef = 1E4BCA0B20DE649C002B310F /* LinkElement.swift */; };
		1E4BCA6C20DE64A2002B310F /* DocumentPropertiesResponse.swift in Sources */ = {isa = PBXBuildFile; fileRef = 1E4BCA0C20DE649C002B310F /* DocumentPropertiesResponse.swift */; };
		1E4BCA6D20DE64A2002B310F /* DocumentPropertyResponse.swift in Sources */ = {isa = PBXBuildFile; fileRef = 1E4BCA0D20DE649C002B310F /* DocumentPropertyResponse.swift */; };
		1E4BCA6E20DE64A2002B310F /* SignatureVerifyResponse.swift in Sources */ = {isa = PBXBuildFile; fileRef = 1E4BCA0E20DE649C002B310F /* SignatureVerifyResponse.swift */; };
		1E4BCA6F20DE64A2002B310F /* Attachments.swift in Sources */ = {isa = PBXBuildFile; fileRef = 1E4BCA0F20DE649C002B310F /* Attachments.swift */; };
		1E4BCA7020DE64A2002B310F /* LinkAnnotations.swift in Sources */ = {isa = PBXBuildFile; fileRef = 1E4BCA1020DE649D002B310F /* LinkAnnotations.swift */; };
		1E4BCA7120DE64A2002B310F /* SignatureType.swift in Sources */ = {isa = PBXBuildFile; fileRef = 1E4BCA1120DE649D002B310F /* SignatureType.swift */; };
		1E4BCA7220DE64A2002B310F /* DocumentProperty.swift in Sources */ = {isa = PBXBuildFile; fileRef = 1E4BCA1220DE649D002B310F /* DocumentProperty.swift */; };
		1E4BCA7320DE64A2002B310F /* EpubRecognitionMode.swift in Sources */ = {isa = PBXBuildFile; fileRef = 1E4BCA1320DE649D002B310F /* EpubRecognitionMode.swift */; };
		1E4BCA7420DE64A2002B310F /* DocFormat.swift in Sources */ = {isa = PBXBuildFile; fileRef = 1E4BCA1420DE649D002B310F /* DocFormat.swift */; };
		1E4BCA7520DE64A2002B310F /* Pages.swift in Sources */ = {isa = PBXBuildFile; fileRef = 1E4BCA1520DE649D002B310F /* Pages.swift */; };
		1E4BCA7620DE64A2002B310F /* FieldsResponse.swift in Sources */ = {isa = PBXBuildFile; fileRef = 1E4BCA1620DE649D002B310F /* FieldsResponse.swift */; };
		1E4BCA7720DE64A2002B310F /* TiffExportOptions.swift in Sources */ = {isa = PBXBuildFile; fileRef = 1E4BCA1720DE649D002B310F /* TiffExportOptions.swift */; };
		1E4BCA7820DE64A2002B310F /* HtmlMarkupGenerationModes.swift in Sources */ = {isa = PBXBuildFile; fileRef = 1E4BCA1820DE649D002B310F /* HtmlMarkupGenerationModes.swift */; };
		1E4BCA7920DE64A2002B310F /* AttachmentsResponse.swift in Sources */ = {isa = PBXBuildFile; fileRef = 1E4BCA1920DE649E002B310F /* AttachmentsResponse.swift */; };
		1E4BCA7A20DE64A2002B310F /* AntialiasingProcessingType.swift in Sources */ = {isa = PBXBuildFile; fileRef = 1E4BCA1A20DE649E002B310F /* AntialiasingProcessingType.swift */; };
		1E4BCA7B20DE64A2002B310F /* LineSpacing.swift in Sources */ = {isa = PBXBuildFile; fileRef = 1E4BCA1B20DE649E002B310F /* LineSpacing.swift */; };
		1E4BCA7C20DE64A2002B310F /* LinkActionType.swift in Sources */ = {isa = PBXBuildFile; fileRef = 1E4BCA1C20DE649E002B310F /* LinkActionType.swift */; };
		1E4BCA7D20DE64A2002B310F /* CompressionType.swift in Sources */ = {isa = PBXBuildFile; fileRef = 1E4BCA1D20DE649E002B310F /* CompressionType.swift */; };
		1E4BCA7E20DE64A2002B310F /* PageTextReplaceResponse.swift in Sources */ = {isa = PBXBuildFile; fileRef = 1E4BCA1E20DE649E002B310F /* PageTextReplaceResponse.swift */; };
		1E4BCA7F20DE64A2002B310F /* RasterImagesSavingModes.swift in Sources */ = {isa = PBXBuildFile; fileRef = 1E4BCA1F20DE649E002B310F /* RasterImagesSavingModes.swift */; };
		1E4BCA8020DE64A2002B310F /* HorizontalAlignment.swift in Sources */ = {isa = PBXBuildFile; fileRef = 1E4BCA2020DE649E002B310F /* HorizontalAlignment.swift */; };
		1E4BCA8120DE64A2002B310F /* PageWordCount.swift in Sources */ = {isa = PBXBuildFile; fileRef = 1E4BCA2120DE649F002B310F /* PageWordCount.swift */; };
		1E4BCA8220DE64A2002B310F /* SaaSposeResponse.swift in Sources */ = {isa = PBXBuildFile; fileRef = 1E4BCA2220DE649F002B310F /* SaaSposeResponse.swift */; };
		1E4BCA8320DE64A2002B310F /* AnnotationsResponse.swift in Sources */ = {isa = PBXBuildFile; fileRef = 1E4BCA2320DE649F002B310F /* AnnotationsResponse.swift */; };
		1E4BCA8420DE64A2002B310F /* HtmlDocumentType.swift in Sources */ = {isa = PBXBuildFile; fileRef = 1E4BCA2420DE64A0002B310F /* HtmlDocumentType.swift */; };
		1E4BCA8520DE64A2002B310F /* AppendDocument.swift in Sources */ = {isa = PBXBuildFile; fileRef = 1E4BCA2520DE64A0002B310F /* AppendDocument.swift */; };
		1E4BCA8620DE64A2002B310F /* FieldResponse.swift in Sources */ = {isa = PBXBuildFile; fileRef = 1E4BCA2620DE64A0002B310F /* FieldResponse.swift */; };
		1E4BCA8720DE64A2002B310F /* PdfAType.swift in Sources */ = {isa = PBXBuildFile; fileRef = 1E4BCA2720DE64A0002B310F /* PdfAType.swift */; };
		1E4BCA8820DE64A2002B310F /* TextFormat.swift in Sources */ = {isa = PBXBuildFile; fileRef = 1E4BCA2820DE64A0002B310F /* TextFormat.swift */; };
		1E4BCA8920DE64A2002B310F /* LinkAnnotationResponse.swift in Sources */ = {isa = PBXBuildFile; fileRef = 1E4BCA2920DE64A0002B310F /* LinkAnnotationResponse.swift */; };
		1E4BCA8A20DE64A2002B310F /* ColorDepth.swift in Sources */ = {isa = PBXBuildFile; fileRef = 1E4BCA2A20DE64A0002B310F /* ColorDepth.swift */; };
		1E4BCA8B20DE64A2002B310F /* Images.swift in Sources */ = {isa = PBXBuildFile; fileRef = 1E4BCA2B20DE64A0002B310F /* Images.swift */; };
		1E4BCA8C20DE64A2002B310F /* Document.swift in Sources */ = {isa = PBXBuildFile; fileRef = 1E4BCA2C20DE64A0002B310F /* Document.swift */; };
		1E4BCA8D20DE64A2002B310F /* Stamp.swift in Sources */ = {isa = PBXBuildFile; fileRef = 1E4BCA2D20DE64A1002B310F /* Stamp.swift */; };
		1E4BCA8E20DE64A2002B310F /* TextHorizontalAlignment.swift in Sources */ = {isa = PBXBuildFile; fileRef = 1E4BCA2E20DE64A1002B310F /* TextHorizontalAlignment.swift */; };
		1E4BCA8F20DE64A2002B310F /* TextFormatResponse.swift in Sources */ = {isa = PBXBuildFile; fileRef = 1E4BCA2F20DE64A1002B310F /* TextFormatResponse.swift */; };
		1E4BCA9020DE64A2002B310F /* FontSavingModes.swift in Sources */ = {isa = PBXBuildFile; fileRef = 1E4BCA3020DE64A1002B310F /* FontSavingModes.swift */; };
		1E4BCA9120DE64A2002B310F /* Page.swift in Sources */ = {isa = PBXBuildFile; fileRef = 1E4BCA3120DE64A1002B310F /* Page.swift */; };
		1E4BCA9220DE64A2002B310F /* DocRecognitionMode.swift in Sources */ = {isa = PBXBuildFile; fileRef = 1E4BCA3220DE64A1002B310F /* DocRecognitionMode.swift */; };
		1E4BCA9320DE64A2002B310F /* TextItems.swift in Sources */ = {isa = PBXBuildFile; fileRef = 1E4BCA3320DE64A1002B310F /* TextItems.swift */; };
		1E4BCA9420DE64A2002B310F /* TextItemsResponse.swift in Sources */ = {isa = PBXBuildFile; fileRef = 1E4BCA3420DE64A1002B310F /* TextItemsResponse.swift */; };
		1E4BCA9520DE64A2002B310F /* FontEncodingRules.swift in Sources */ = {isa = PBXBuildFile; fileRef = 1E4BCA3520DE64A1002B310F /* FontEncodingRules.swift */; };
		1E4BCA9620DE64A2002B310F /* SplitResult.swift in Sources */ = {isa = PBXBuildFile; fileRef = 1E4BCA3620DE64A2002B310F /* SplitResult.swift */; };
		1E4BCA9720DE64A2002B310F /* ImageResponse.swift in Sources */ = {isa = PBXBuildFile; fileRef = 1E4BCA3720DE64A2002B310F /* ImageResponse.swift */; };
		1E4BCAA120DE650E002B310F /* JSONEncodingHelper.swift in Sources */ = {isa = PBXBuildFile; fileRef = 1E4BCA9820DE650D002B310F /* JSONEncodingHelper.swift */; };
		1E4BCAA220DE650E002B310F /* CodableHelper.swift in Sources */ = {isa = PBXBuildFile; fileRef = 1E4BCA9920DE650D002B310F /* CodableHelper.swift */; };
		1E4BCAA320DE650E002B310F /* APIHelper.swift in Sources */ = {isa = PBXBuildFile; fileRef = 1E4BCA9A20DE650D002B310F /* APIHelper.swift */; };
		1E4BCAA420DE650E002B310F /* Extensions.swift in Sources */ = {isa = PBXBuildFile; fileRef = 1E4BCA9B20DE650D002B310F /* Extensions.swift */; };
		1E4BCAA520DE650E002B310F /* JSONEncodableEncoding.swift in Sources */ = {isa = PBXBuildFile; fileRef = 1E4BCA9C20DE650D002B310F /* JSONEncodableEncoding.swift */; };
		1E4BCAA620DE650E002B310F /* AlamofireImplementations.swift in Sources */ = {isa = PBXBuildFile; fileRef = 1E4BCA9D20DE650D002B310F /* AlamofireImplementations.swift */; };
		1E4BCAA720DE650E002B310F /* Models.swift in Sources */ = {isa = PBXBuildFile; fileRef = 1E4BCA9E20DE650D002B310F /* Models.swift */; };
		1E4BCAA820DE650E002B310F /* Configuration.swift in Sources */ = {isa = PBXBuildFile; fileRef = 1E4BCA9F20DE650E002B310F /* Configuration.swift */; };
		1E4BCAA920DE650E002B310F /* APIs.swift in Sources */ = {isa = PBXBuildFile; fileRef = 1E4BCAA020DE650E002B310F /* APIs.swift */; };
		1E4BCAAC20DE655E002B310F /* PdfAPI.swift in Sources */ = {isa = PBXBuildFile; fileRef = 1E4BCAAB20DE655E002B310F /* PdfAPI.swift */; };
		1E6333EB20F13B18002ACFB6 /* ImageSrcType.swift in Sources */ = {isa = PBXBuildFile; fileRef = 1E6333E720F13B17002ACFB6 /* ImageSrcType.swift */; };
		1E6333EC20F13B18002ACFB6 /* ImageTemplate.swift in Sources */ = {isa = PBXBuildFile; fileRef = 1E6333E820F13B17002ACFB6 /* ImageTemplate.swift */; };
		1E6333ED20F13B18002ACFB6 /* MarginInfo.swift in Sources */ = {isa = PBXBuildFile; fileRef = 1E6333E920F13B18002ACFB6 /* MarginInfo.swift */; };
		1E6333EE20F13B18002ACFB6 /* ImageTemplatesRequest.swift in Sources */ = {isa = PBXBuildFile; fileRef = 1E6333EA20F13B18002ACFB6 /* ImageTemplatesRequest.swift */; };
		1E75A8B620F37C8B007036FB /* AnnotationsTests.swift in Sources */ = {isa = PBXBuildFile; fileRef = 1E75A8B520F37C8B007036FB /* AnnotationsTests.swift */; };
		1E75A8BD20F3A73A007036FB /* UploadDownloadTests.swift in Sources */ = {isa = PBXBuildFile; fileRef = 1E75A8BC20F3A73A007036FB /* UploadDownloadTests.swift */; };
		1E84252320FA1B7300AD16B4 /* setup.json in Resources */ = {isa = PBXBuildFile; fileRef = 1E84252220FA1B7300AD16B4 /* setup.json */; };
		1E84252520FA2B8E00AD16B4 /* README.md in Resources */ = {isa = PBXBuildFile; fileRef = 1E84252420FA2B8E00AD16B4 /* README.md */; };
		1E92E9E020F650EA00CFC699 /* FragmentsAndSegmentsTests.swift in Sources */ = {isa = PBXBuildFile; fileRef = 1E92E9DF20F650EA00CFC699 /* FragmentsAndSegmentsTests.swift */; };
		1E92E9E220F654C400CFC699 /* ImagesTests.swift in Sources */ = {isa = PBXBuildFile; fileRef = 1E92E9E120F654C400CFC699 /* ImagesTests.swift */; };
		1E92E9E420F65C3A00CFC699 /* LinksTests.swift in Sources */ = {isa = PBXBuildFile; fileRef = 1E92E9E320F65C3A00CFC699 /* LinksTests.swift */; };
		1E92E9E620F65E1D00CFC699 /* MergeTests.swift in Sources */ = {isa = PBXBuildFile; fileRef = 1E92E9E520F65E1D00CFC699 /* MergeTests.swift */; };
		1E92E9E820F6609A00CFC699 /* OcrTests.swift in Sources */ = {isa = PBXBuildFile; fileRef = 1E92E9E720F6609A00CFC699 /* OcrTests.swift */; };
		1E92E9EA20F6623100CFC699 /* PagesTests.swift in Sources */ = {isa = PBXBuildFile; fileRef = 1E92E9E920F6623100CFC699 /* PagesTests.swift */; };
		1EA7C07F20F4E26B00EDAE33 /* AppendTests.swift in Sources */ = {isa = PBXBuildFile; fileRef = 1EA7C07E20F4E26B00EDAE33 /* AppendTests.swift */; };
		1EA7C08120F4E9EC00EDAE33 /* AttachmentsTests.swift in Sources */ = {isa = PBXBuildFile; fileRef = 1EA7C08020F4E9EC00EDAE33 /* AttachmentsTests.swift */; };
		1EA7C08320F504B800EDAE33 /* BookmarksTests.swift in Sources */ = {isa = PBXBuildFile; fileRef = 1EA7C08220F504B800EDAE33 /* BookmarksTests.swift */; };
		1EAE26E420F5DBE60011A389 /* ConvertTests.swift in Sources */ = {isa = PBXBuildFile; fileRef = 1EAE26E320F5DBE60011A389 /* ConvertTests.swift */; };
		1EAE26E620F602E20011A389 /* DocumentSaveAsTiffTests.swift in Sources */ = {isa = PBXBuildFile; fileRef = 1EAE26E520F602E20011A389 /* DocumentSaveAsTiffTests.swift */; };
		1EAE26E820F606E90011A389 /* DocumentTests.swift in Sources */ = {isa = PBXBuildFile; fileRef = 1EAE26E720F606E90011A389 /* DocumentTests.swift */; };
		1EAE26EA20F60FF20011A389 /* FieldsTests.swift in Sources */ = {isa = PBXBuildFile; fileRef = 1EAE26E920F60FF20011A389 /* FieldsTests.swift */; };
		1ECA137B20F3CCE7003FF0AB /* 33539.jpg in Resources */ = {isa = PBXBuildFile; fileRef = 1ECA135D20F3CCE7003FF0AB /* 33539.jpg */; };
		1ECA137C20F3CCE7003FF0AB /* 44781.jpg in Resources */ = {isa = PBXBuildFile; fileRef = 1ECA135E20F3CCE7003FF0AB /* 44781.jpg */; };
		1ECA137D20F3CCE7003FF0AB /* 4pages.epub in Resources */ = {isa = PBXBuildFile; fileRef = 1ECA135F20F3CCE7003FF0AB /* 4pages.epub */; };
		1ECA137E20F3CCE7003FF0AB /* 4pages.pdf in Resources */ = {isa = PBXBuildFile; fileRef = 1ECA136020F3CCE7003FF0AB /* 4pages.pdf */; };
		1ECA137F20F3CCE7003FF0AB /* BlankWithSignature.pdf in Resources */ = {isa = PBXBuildFile; fileRef = 1ECA136120F3CCE7003FF0AB /* BlankWithSignature.pdf */; };
		1ECA138020F3CCE7003FF0AB /* butterfly.jpg in Resources */ = {isa = PBXBuildFile; fileRef = 1ECA136220F3CCE7003FF0AB /* butterfly.jpg */; };
		1ECA138220F3CCE7003FF0AB /* HtmlExample1.html in Resources */ = {isa = PBXBuildFile; fileRef = 1ECA136420F3CCE7003FF0AB /* HtmlExample1.html */; };
		1ECA138320F3CCE7003FF0AB /* HtmlWithImage.zip in Resources */ = {isa = PBXBuildFile; fileRef = 1ECA136520F3CCE7003FF0AB /* HtmlWithImage.zip */; };
		1ECA138420F3CCE7003FF0AB /* Koala.jpg in Resources */ = {isa = PBXBuildFile; fileRef = 1ECA136620F3CCE7003FF0AB /* Koala.jpg */; };
		1ECA138520F3CCE7003FF0AB /* marketing.pdf in Resources */ = {isa = PBXBuildFile; fileRef = 1ECA136720F3CCE7003FF0AB /* marketing.pdf */; };
		1ECA138620F3CCE7003FF0AB /* MhtExample.mht in Resources */ = {isa = PBXBuildFile; fileRef = 1ECA136820F3CCE7003FF0AB /* MhtExample.mht */; };
		1ECA138720F3CCE7003FF0AB /* PdfWithAcroForm.pdf in Resources */ = {isa = PBXBuildFile; fileRef = 1ECA136920F3CCE7003FF0AB /* PdfWithAcroForm.pdf */; };
		1ECA138820F3CCE7003FF0AB /* PdfWithAnnotations.pdf in Resources */ = {isa = PBXBuildFile; fileRef = 1ECA136A20F3CCE7003FF0AB /* PdfWithAnnotations.pdf */; };
		1ECA138920F3CCE7003FF0AB /* PdfWithBookmarks.pdf in Resources */ = {isa = PBXBuildFile; fileRef = 1ECA136B20F3CCE7003FF0AB /* PdfWithBookmarks.pdf */; };
		1ECA138A20F3CCE7003FF0AB /* PdfWithEmbeddedFiles.pdf in Resources */ = {isa = PBXBuildFile; fileRef = 1ECA136C20F3CCE7003FF0AB /* PdfWithEmbeddedFiles.pdf */; };
		1ECA138B20F3CCE7003FF0AB /* PdfWithImages2.pdf in Resources */ = {isa = PBXBuildFile; fileRef = 1ECA136D20F3CCE7003FF0AB /* PdfWithImages2.pdf */; };
		1ECA138C20F3CCE7003FF0AB /* PdfWithLinks.pdf in Resources */ = {isa = PBXBuildFile; fileRef = 1ECA136E20F3CCE7003FF0AB /* PdfWithLinks.pdf */; };
		1ECA138D20F3CCE7003FF0AB /* PdfWithXfaForm.pdf in Resources */ = {isa = PBXBuildFile; fileRef = 1ECA136F20F3CCE7003FF0AB /* PdfWithXfaForm.pdf */; };
		1ECA138E20F3CCE7003FF0AB /* Penguins.emf in Resources */ = {isa = PBXBuildFile; fileRef = 1ECA137020F3CCE7003FF0AB /* Penguins.emf */; };
		1ECA138F20F3CCE7003FF0AB /* Penguins.jpg in Resources */ = {isa = PBXBuildFile; fileRef = 1ECA137120F3CCE7003FF0AB /* Penguins.jpg */; };
		1ECA139020F3CCE7003FF0AB /* rusdoc.pdf in Resources */ = {isa = PBXBuildFile; fileRef = 1ECA137220F3CCE7003FF0AB /* rusdoc.pdf */; };
		1ECA139120F3CCE7003FF0AB /* Simple.svg in Resources */ = {isa = PBXBuildFile; fileRef = 1ECA137320F3CCE7003FF0AB /* Simple.svg */; };
		1ECA139220F3CCE7003FF0AB /* Simple.xps in Resources */ = {isa = PBXBuildFile; fileRef = 1ECA137420F3CCE7003FF0AB /* Simple.xps */; };
		1ECA139320F3CCE7003FF0AB /* template.pcl in Resources */ = {isa = PBXBuildFile; fileRef = 1ECA137520F3CCE7003FF0AB /* template.pcl */; };
		1ECA139420F3CCE7003FF0AB /* template.xml in Resources */ = {isa = PBXBuildFile; fileRef = 1ECA137620F3CCE7003FF0AB /* template.xml */; };
		1ECA139520F3CCE7003FF0AB /* test1234.pfx in Resources */ = {isa = PBXBuildFile; fileRef = 1ECA137720F3CCE7003FF0AB /* test1234.pfx */; };
		1ECA139620F3CCE7003FF0AB /* TexExample.tex in Resources */ = {isa = PBXBuildFile; fileRef = 1ECA137820F3CCE7003FF0AB /* TexExample.tex */; };
		1ECA139720F3CCE7003FF0AB /* Typography.PS in Resources */ = {isa = PBXBuildFile; fileRef = 1ECA137920F3CCE7003FF0AB /* Typography.PS */; };
		1ECA139820F3CCE7003FF0AB /* XslfoExample.xslfo in Resources */ = {isa = PBXBuildFile; fileRef = 1ECA137A20F3CCE7003FF0AB /* XslfoExample.xslfo */; };
		1ECBAABE20DE4F090020CD15 /* AsposePdfCloud.framework in Frameworks */ = {isa = PBXBuildFile; fileRef = 1ECBAAB420DE4F090020CD15 /* AsposePdfCloud.framework */; };
		1ECBAAC320DE4F090020CD15 /* AsposePdfCloudTests.swift in Sources */ = {isa = PBXBuildFile; fileRef = 1ECBAAC220DE4F090020CD15 /* AsposePdfCloudTests.swift */; };
		1ECBAAC520DE4F090020CD15 /* AsposePdfCloud.h in Headers */ = {isa = PBXBuildFile; fileRef = 1ECBAAB720DE4F090020CD15 /* AsposePdfCloud.h */; settings = {ATTRIBUTES = (Public, ); }; };
		1ECBAACF20DE4FE70020CD15 /* Cartfile in Resources */ = {isa = PBXBuildFile; fileRef = 1ECBAACE20DE4FE70020CD15 /* Cartfile */; };
		1ECBAAD220DE54E50020CD15 /* Alamofire.framework in Frameworks */ = {isa = PBXBuildFile; fileRef = 1ECBAAD120DE54E50020CD15 /* Alamofire.framework */; };
		1ECBAAD520DE566C0020CD15 /* AuthAspose.swift in Sources */ = {isa = PBXBuildFile; fileRef = 1ECBAAD420DE566C0020CD15 /* AuthAspose.swift */; };
		1EE09B5820F7442D001DB24C /* ParagraphsTests.swift in Sources */ = {isa = PBXBuildFile; fileRef = 1EE09B5720F7442D001DB24C /* ParagraphsTests.swift */; };
		1EE09B5A20F74765001DB24C /* PrivilegesTests.swift in Sources */ = {isa = PBXBuildFile; fileRef = 1EE09B5920F74765001DB24C /* PrivilegesTests.swift */; };
		1EE09B5C20F748C1001DB24C /* PropertiesTests.swift in Sources */ = {isa = PBXBuildFile; fileRef = 1EE09B5B20F748C1001DB24C /* PropertiesTests.swift */; };
		1EE09B5E20F74E34001DB24C /* SignTests.swift in Sources */ = {isa = PBXBuildFile; fileRef = 1EE09B5D20F74E34001DB24C /* SignTests.swift */; };
		1EE09B6020F76A6B001DB24C /* TextItemsTests.swift in Sources */ = {isa = PBXBuildFile; fileRef = 1EE09B5F20F76A6B001DB24C /* TextItemsTests.swift */; };
		1EE09B6220F76BA6001DB24C /* TextReplaceTests.swift in Sources */ = {isa = PBXBuildFile; fileRef = 1EE09B6120F76BA6001DB24C /* TextReplaceTests.swift */; };
		1EE09B6420F7A944001DB24C /* TextTests.swift in Sources */ = {isa = PBXBuildFile; fileRef = 1EE09B6320F7A944001DB24C /* TextTests.swift */; };
		1EE09B6620F7AEE3001DB24C /* ConvertToPdfTests.swift in Sources */ = {isa = PBXBuildFile; fileRef = 1EE09B6520F7AEE3001DB24C /* ConvertToPdfTests.swift */; };
/* End PBXBuildFile section */

/* Begin PBXContainerItemProxy section */
		1ECBAABF20DE4F090020CD15 /* PBXContainerItemProxy */ = {
			isa = PBXContainerItemProxy;
			containerPortal = 1ECBAAAB20DE4F090020CD15 /* Project object */;
			proxyType = 1;
			remoteGlobalIDString = 1ECBAAB320DE4F090020CD15;
			remoteInfo = AsposePdfCloud;
		};
/* End PBXContainerItemProxy section */

/* Begin PBXCopyFilesBuildPhase section */
		1E75A8BA20F3A5D0007036FB /* CopyFiles */ = {
			isa = PBXCopyFilesBuildPhase;
			buildActionMask = 12;
			dstPath = "";
			dstSubfolderSpec = 7;
			files = (
			);
			runOnlyForDeploymentPostprocessing = 0;
		};
/* End PBXCopyFilesBuildPhase section */

/* Begin PBXFileReference section */
		0C85B165E967EB0CC5651D66 /* Pods-AsposePdfCloud.release.xcconfig */ = {isa = PBXFileReference; includeInIndex = 1; lastKnownFileType = text.xcconfig; name = "Pods-AsposePdfCloud.release.xcconfig"; path = "Pods/Target Support Files/Pods-AsposePdfCloud/Pods-AsposePdfCloud.release.xcconfig"; sourceTree = "<group>"; };
		1E3B278420F88E2500D9DBB2 /* PageConvertToImageTests.swift */ = {isa = PBXFileReference; lastKnownFileType = sourcecode.swift; path = PageConvertToImageTests.swift; sourceTree = "<group>"; };
		1E4BC9D820DE6498002B310F /* SplitResultDocument.swift */ = {isa = PBXFileReference; fileEncoding = 4; lastKnownFileType = sourcecode.swift; path = SplitResultDocument.swift; sourceTree = "<group>"; };
		1E4BC9D920DE6498002B310F /* WordCountResponse.swift */ = {isa = PBXFileReference; fileEncoding = 4; lastKnownFileType = sourcecode.swift; path = WordCountResponse.swift; sourceTree = "<group>"; };
		1E4BC9DA20DE6498002B310F /* WrapMode.swift */ = {isa = PBXFileReference; fileEncoding = 4; lastKnownFileType = sourcecode.swift; path = WrapMode.swift; sourceTree = "<group>"; };
		1E4BC9DB20DE6498002B310F /* Image.swift */ = {isa = PBXFileReference; fileEncoding = 4; lastKnownFileType = sourcecode.swift; path = Image.swift; sourceTree = "<group>"; };
		1E4BC9DC20DE6498002B310F /* DocumentTextReplaceResponse.swift */ = {isa = PBXFileReference; fileEncoding = 4; lastKnownFileType = sourcecode.swift; path = DocumentTextReplaceResponse.swift; sourceTree = "<group>"; };
		1E4BC9DD20DE6498002B310F /* Fields.swift */ = {isa = PBXFileReference; fileEncoding = 4; lastKnownFileType = sourcecode.swift; path = Fields.swift; sourceTree = "<group>"; };
		1E4BC9DE20DE6498002B310F /* DocumentProperties.swift */ = {isa = PBXFileReference; fileEncoding = 4; lastKnownFileType = sourcecode.swift; path = DocumentProperties.swift; sourceTree = "<group>"; };
		1E4BC9DF20DE6498002B310F /* ImagesResponse.swift */ = {isa = PBXFileReference; fileEncoding = 4; lastKnownFileType = sourcecode.swift; path = ImagesResponse.swift; sourceTree = "<group>"; };
		1E4BC9E020DE6498002B310F /* Annotations.swift */ = {isa = PBXFileReference; fileEncoding = 4; lastKnownFileType = sourcecode.swift; path = Annotations.swift; sourceTree = "<group>"; };
		1E4BC9E120DE6498002B310F /* PartsEmbeddingModes.swift */ = {isa = PBXFileReference; fileEncoding = 4; lastKnownFileType = sourcecode.swift; path = PartsEmbeddingModes.swift; sourceTree = "<group>"; };
		1E4BC9E220DE6498002B310F /* Field.swift */ = {isa = PBXFileReference; fileEncoding = 4; lastKnownFileType = sourcecode.swift; path = Field.swift; sourceTree = "<group>"; };
		1E4BC9E320DE6498002B310F /* TextItemResponse.swift */ = {isa = PBXFileReference; fileEncoding = 4; lastKnownFileType = sourcecode.swift; path = TextItemResponse.swift; sourceTree = "<group>"; };
		1E4BC9E420DE6498002B310F /* TextRectsResponse.swift */ = {isa = PBXFileReference; fileEncoding = 4; lastKnownFileType = sourcecode.swift; path = TextRectsResponse.swift; sourceTree = "<group>"; };
		1E4BC9E520DE6498002B310F /* TextReplaceResponse.swift */ = {isa = PBXFileReference; fileEncoding = 4; lastKnownFileType = sourcecode.swift; path = TextReplaceResponse.swift; sourceTree = "<group>"; };
		1E4BC9E620DE6498002B310F /* FontStyles.swift */ = {isa = PBXFileReference; fileEncoding = 4; lastKnownFileType = sourcecode.swift; path = FontStyles.swift; sourceTree = "<group>"; };
		1E4BC9E720DE6498002B310F /* MergeDocuments.swift */ = {isa = PBXFileReference; fileEncoding = 4; lastKnownFileType = sourcecode.swift; path = MergeDocuments.swift; sourceTree = "<group>"; };
		1E4BC9E820DE6498002B310F /* AnnotationResponse.swift */ = {isa = PBXFileReference; fileEncoding = 4; lastKnownFileType = sourcecode.swift; path = AnnotationResponse.swift; sourceTree = "<group>"; };
		1E4BC9E920DE6499002B310F /* HttpStatusCode.swift */ = {isa = PBXFileReference; fileEncoding = 4; lastKnownFileType = sourcecode.swift; path = HttpStatusCode.swift; sourceTree = "<group>"; };
		1E4BC9EA20DE6499002B310F /* LinkAnnotationsResponse.swift */ = {isa = PBXFileReference; fileEncoding = 4; lastKnownFileType = sourcecode.swift; path = LinkAnnotationsResponse.swift; sourceTree = "<group>"; };
		1E4BC9EB20DE6499002B310F /* Rotation.swift */ = {isa = PBXFileReference; fileEncoding = 4; lastKnownFileType = sourcecode.swift; path = Rotation.swift; sourceTree = "<group>"; };
		1E4BC9EC20DE6499002B310F /* VerticalAlignment.swift */ = {isa = PBXFileReference; fileEncoding = 4; lastKnownFileType = sourcecode.swift; path = VerticalAlignment.swift; sourceTree = "<group>"; };
		1E4BC9ED20DE6499002B310F /* DocumentPagesResponse.swift */ = {isa = PBXFileReference; fileEncoding = 4; lastKnownFileType = sourcecode.swift; path = DocumentPagesResponse.swift; sourceTree = "<group>"; };
		1E4BC9EE20DE6499002B310F /* FieldType.swift */ = {isa = PBXFileReference; fileEncoding = 4; lastKnownFileType = sourcecode.swift; path = FieldType.swift; sourceTree = "<group>"; };
		1E4BC9EF20DE6499002B310F /* StampType.swift */ = {isa = PBXFileReference; fileEncoding = 4; lastKnownFileType = sourcecode.swift; path = StampType.swift; sourceTree = "<group>"; };
		1E4BC9F020DE6499002B310F /* TextRect.swift */ = {isa = PBXFileReference; fileEncoding = 4; lastKnownFileType = sourcecode.swift; path = TextRect.swift; sourceTree = "<group>"; };
		1E4BC9F120DE6499002B310F /* TextReplace.swift */ = {isa = PBXFileReference; fileEncoding = 4; lastKnownFileType = sourcecode.swift; path = TextReplace.swift; sourceTree = "<group>"; };
		1E4BC9F220DE6499002B310F /* Segment.swift */ = {isa = PBXFileReference; fileEncoding = 4; lastKnownFileType = sourcecode.swift; path = Segment.swift; sourceTree = "<group>"; };
		1E4BC9F320DE6499002B310F /* ShapeType.swift */ = {isa = PBXFileReference; fileEncoding = 4; lastKnownFileType = sourcecode.swift; path = ShapeType.swift; sourceTree = "<group>"; };
		1E4BC9F420DE6499002B310F /* Link.swift */ = {isa = PBXFileReference; fileEncoding = 4; lastKnownFileType = sourcecode.swift; path = Link.swift; sourceTree = "<group>"; };
		1E4BC9F520DE649A002B310F /* Paragraph.swift */ = {isa = PBXFileReference; fileEncoding = 4; lastKnownFileType = sourcecode.swift; path = Paragraph.swift; sourceTree = "<group>"; };
		1E4BC9F620DE649A002B310F /* SplitResultResponse.swift */ = {isa = PBXFileReference; fileEncoding = 4; lastKnownFileType = sourcecode.swift; path = SplitResultResponse.swift; sourceTree = "<group>"; };
		1E4BC9F720DE649A002B310F /* TextLine.swift */ = {isa = PBXFileReference; fileEncoding = 4; lastKnownFileType = sourcecode.swift; path = TextLine.swift; sourceTree = "<group>"; };
		1E4BC9F820DE649A002B310F /* Signature.swift */ = {isa = PBXFileReference; fileEncoding = 4; lastKnownFileType = sourcecode.swift; path = Signature.swift; sourceTree = "<group>"; };
		1E4BC9F920DE649A002B310F /* DocumentPrivilege.swift */ = {isa = PBXFileReference; fileEncoding = 4; lastKnownFileType = sourcecode.swift; path = DocumentPrivilege.swift; sourceTree = "<group>"; };
		1E4BC9FA20DE649A002B310F /* TextRects.swift */ = {isa = PBXFileReference; fileEncoding = 4; lastKnownFileType = sourcecode.swift; path = TextRects.swift; sourceTree = "<group>"; };
		1E4BC9FB20DE649A002B310F /* OptimizeOptions.swift */ = {isa = PBXFileReference; fileEncoding = 4; lastKnownFileType = sourcecode.swift; path = OptimizeOptions.swift; sourceTree = "<group>"; };
		1E4BC9FC20DE649A002B310F /* Rectangle.swift */ = {isa = PBXFileReference; fileEncoding = 4; lastKnownFileType = sourcecode.swift; path = Rectangle.swift; sourceTree = "<group>"; };
		1E4BC9FD20DE649A002B310F /* DocumentResponse.swift */ = {isa = PBXFileReference; fileEncoding = 4; lastKnownFileType = sourcecode.swift; path = DocumentResponse.swift; sourceTree = "<group>"; };
		1E4BC9FE20DE649B002B310F /* LinkAnnotation.swift */ = {isa = PBXFileReference; fileEncoding = 4; lastKnownFileType = sourcecode.swift; path = LinkAnnotation.swift; sourceTree = "<group>"; };
		1E4BC9FF20DE649B002B310F /* Color.swift */ = {isa = PBXFileReference; fileEncoding = 4; lastKnownFileType = sourcecode.swift; path = Color.swift; sourceTree = "<group>"; };
		1E4BCA0020DE649B002B310F /* LinkHighlightingMode.swift */ = {isa = PBXFileReference; fileEncoding = 4; lastKnownFileType = sourcecode.swift; path = LinkHighlightingMode.swift; sourceTree = "<group>"; };
		1E4BCA0120DE649B002B310F /* Annotation.swift */ = {isa = PBXFileReference; fileEncoding = 4; lastKnownFileType = sourcecode.swift; path = Annotation.swift; sourceTree = "<group>"; };
		1E4BCA0220DE649B002B310F /* ImagesListRequest.swift */ = {isa = PBXFileReference; fileEncoding = 4; lastKnownFileType = sourcecode.swift; path = ImagesListRequest.swift; sourceTree = "<group>"; };
		1E4BCA0320DE649B002B310F /* LettersPositioningMethods.swift */ = {isa = PBXFileReference; fileEncoding = 4; lastKnownFileType = sourcecode.swift; path = LettersPositioningMethods.swift; sourceTree = "<group>"; };
		1E4BCA0420DE649B002B310F /* TextReplaceListRequest.swift */ = {isa = PBXFileReference; fileEncoding = 4; lastKnownFileType = sourcecode.swift; path = TextReplaceListRequest.swift; sourceTree = "<group>"; };
		1E4BCA0520DE649B002B310F /* WordCount.swift */ = {isa = PBXFileReference; fileEncoding = 4; lastKnownFileType = sourcecode.swift; path = WordCount.swift; sourceTree = "<group>"; };
		1E4BCA0620DE649B002B310F /* AttachmentResponse.swift */ = {isa = PBXFileReference; fileEncoding = 4; lastKnownFileType = sourcecode.swift; path = AttachmentResponse.swift; sourceTree = "<group>"; };
		1E4BCA0720DE649C002B310F /* TextItem.swift */ = {isa = PBXFileReference; fileEncoding = 4; lastKnownFileType = sourcecode.swift; path = TextItem.swift; sourceTree = "<group>"; };
		1E4BCA0820DE649C002B310F /* TextReplaceRequest.swift */ = {isa = PBXFileReference; fileEncoding = 4; lastKnownFileType = sourcecode.swift; path = TextReplaceRequest.swift; sourceTree = "<group>"; };
		1E4BCA0920DE649C002B310F /* TextState.swift */ = {isa = PBXFileReference; fileEncoding = 4; lastKnownFileType = sourcecode.swift; path = TextState.swift; sourceTree = "<group>"; };
		1E4BCA0A20DE649C002B310F /* Attachment.swift */ = {isa = PBXFileReference; fileEncoding = 4; lastKnownFileType = sourcecode.swift; path = Attachment.swift; sourceTree = "<group>"; };
		1E4BCA0B20DE649C002B310F /* LinkElement.swift */ = {isa = PBXFileReference; fileEncoding = 4; lastKnownFileType = sourcecode.swift; path = LinkElement.swift; sourceTree = "<group>"; };
		1E4BCA0C20DE649C002B310F /* DocumentPropertiesResponse.swift */ = {isa = PBXFileReference; fileEncoding = 4; lastKnownFileType = sourcecode.swift; path = DocumentPropertiesResponse.swift; sourceTree = "<group>"; };
		1E4BCA0D20DE649C002B310F /* DocumentPropertyResponse.swift */ = {isa = PBXFileReference; fileEncoding = 4; lastKnownFileType = sourcecode.swift; path = DocumentPropertyResponse.swift; sourceTree = "<group>"; };
		1E4BCA0E20DE649C002B310F /* SignatureVerifyResponse.swift */ = {isa = PBXFileReference; fileEncoding = 4; lastKnownFileType = sourcecode.swift; path = SignatureVerifyResponse.swift; sourceTree = "<group>"; };
		1E4BCA0F20DE649C002B310F /* Attachments.swift */ = {isa = PBXFileReference; fileEncoding = 4; lastKnownFileType = sourcecode.swift; path = Attachments.swift; sourceTree = "<group>"; };
		1E4BCA1020DE649D002B310F /* LinkAnnotations.swift */ = {isa = PBXFileReference; fileEncoding = 4; lastKnownFileType = sourcecode.swift; path = LinkAnnotations.swift; sourceTree = "<group>"; };
		1E4BCA1120DE649D002B310F /* SignatureType.swift */ = {isa = PBXFileReference; fileEncoding = 4; lastKnownFileType = sourcecode.swift; path = SignatureType.swift; sourceTree = "<group>"; };
		1E4BCA1220DE649D002B310F /* DocumentProperty.swift */ = {isa = PBXFileReference; fileEncoding = 4; lastKnownFileType = sourcecode.swift; path = DocumentProperty.swift; sourceTree = "<group>"; };
		1E4BCA1320DE649D002B310F /* EpubRecognitionMode.swift */ = {isa = PBXFileReference; fileEncoding = 4; lastKnownFileType = sourcecode.swift; path = EpubRecognitionMode.swift; sourceTree = "<group>"; };
		1E4BCA1420DE649D002B310F /* DocFormat.swift */ = {isa = PBXFileReference; fileEncoding = 4; lastKnownFileType = sourcecode.swift; path = DocFormat.swift; sourceTree = "<group>"; };
		1E4BCA1520DE649D002B310F /* Pages.swift */ = {isa = PBXFileReference; fileEncoding = 4; lastKnownFileType = sourcecode.swift; path = Pages.swift; sourceTree = "<group>"; };
		1E4BCA1620DE649D002B310F /* FieldsResponse.swift */ = {isa = PBXFileReference; fileEncoding = 4; lastKnownFileType = sourcecode.swift; path = FieldsResponse.swift; sourceTree = "<group>"; };
		1E4BCA1720DE649D002B310F /* TiffExportOptions.swift */ = {isa = PBXFileReference; fileEncoding = 4; lastKnownFileType = sourcecode.swift; path = TiffExportOptions.swift; sourceTree = "<group>"; };
		1E4BCA1820DE649D002B310F /* HtmlMarkupGenerationModes.swift */ = {isa = PBXFileReference; fileEncoding = 4; lastKnownFileType = sourcecode.swift; path = HtmlMarkupGenerationModes.swift; sourceTree = "<group>"; };
		1E4BCA1920DE649E002B310F /* AttachmentsResponse.swift */ = {isa = PBXFileReference; fileEncoding = 4; lastKnownFileType = sourcecode.swift; path = AttachmentsResponse.swift; sourceTree = "<group>"; };
		1E4BCA1A20DE649E002B310F /* AntialiasingProcessingType.swift */ = {isa = PBXFileReference; fileEncoding = 4; lastKnownFileType = sourcecode.swift; path = AntialiasingProcessingType.swift; sourceTree = "<group>"; };
		1E4BCA1B20DE649E002B310F /* LineSpacing.swift */ = {isa = PBXFileReference; fileEncoding = 4; lastKnownFileType = sourcecode.swift; path = LineSpacing.swift; sourceTree = "<group>"; };
		1E4BCA1C20DE649E002B310F /* LinkActionType.swift */ = {isa = PBXFileReference; fileEncoding = 4; lastKnownFileType = sourcecode.swift; path = LinkActionType.swift; sourceTree = "<group>"; };
		1E4BCA1D20DE649E002B310F /* CompressionType.swift */ = {isa = PBXFileReference; fileEncoding = 4; lastKnownFileType = sourcecode.swift; path = CompressionType.swift; sourceTree = "<group>"; };
		1E4BCA1E20DE649E002B310F /* PageTextReplaceResponse.swift */ = {isa = PBXFileReference; fileEncoding = 4; lastKnownFileType = sourcecode.swift; path = PageTextReplaceResponse.swift; sourceTree = "<group>"; };
		1E4BCA1F20DE649E002B310F /* RasterImagesSavingModes.swift */ = {isa = PBXFileReference; fileEncoding = 4; lastKnownFileType = sourcecode.swift; path = RasterImagesSavingModes.swift; sourceTree = "<group>"; };
		1E4BCA2020DE649E002B310F /* HorizontalAlignment.swift */ = {isa = PBXFileReference; fileEncoding = 4; lastKnownFileType = sourcecode.swift; path = HorizontalAlignment.swift; sourceTree = "<group>"; };
		1E4BCA2120DE649F002B310F /* PageWordCount.swift */ = {isa = PBXFileReference; fileEncoding = 4; lastKnownFileType = sourcecode.swift; path = PageWordCount.swift; sourceTree = "<group>"; };
		1E4BCA2220DE649F002B310F /* SaaSposeResponse.swift */ = {isa = PBXFileReference; fileEncoding = 4; lastKnownFileType = sourcecode.swift; path = SaaSposeResponse.swift; sourceTree = "<group>"; };
		1E4BCA2320DE649F002B310F /* AnnotationsResponse.swift */ = {isa = PBXFileReference; fileEncoding = 4; lastKnownFileType = sourcecode.swift; path = AnnotationsResponse.swift; sourceTree = "<group>"; };
		1E4BCA2420DE64A0002B310F /* HtmlDocumentType.swift */ = {isa = PBXFileReference; fileEncoding = 4; lastKnownFileType = sourcecode.swift; path = HtmlDocumentType.swift; sourceTree = "<group>"; };
		1E4BCA2520DE64A0002B310F /* AppendDocument.swift */ = {isa = PBXFileReference; fileEncoding = 4; lastKnownFileType = sourcecode.swift; path = AppendDocument.swift; sourceTree = "<group>"; };
		1E4BCA2620DE64A0002B310F /* FieldResponse.swift */ = {isa = PBXFileReference; fileEncoding = 4; lastKnownFileType = sourcecode.swift; path = FieldResponse.swift; sourceTree = "<group>"; };
		1E4BCA2720DE64A0002B310F /* PdfAType.swift */ = {isa = PBXFileReference; fileEncoding = 4; lastKnownFileType = sourcecode.swift; path = PdfAType.swift; sourceTree = "<group>"; };
		1E4BCA2820DE64A0002B310F /* TextFormat.swift */ = {isa = PBXFileReference; fileEncoding = 4; lastKnownFileType = sourcecode.swift; path = TextFormat.swift; sourceTree = "<group>"; };
		1E4BCA2920DE64A0002B310F /* LinkAnnotationResponse.swift */ = {isa = PBXFileReference; fileEncoding = 4; lastKnownFileType = sourcecode.swift; path = LinkAnnotationResponse.swift; sourceTree = "<group>"; };
		1E4BCA2A20DE64A0002B310F /* ColorDepth.swift */ = {isa = PBXFileReference; fileEncoding = 4; lastKnownFileType = sourcecode.swift; path = ColorDepth.swift; sourceTree = "<group>"; };
		1E4BCA2B20DE64A0002B310F /* Images.swift */ = {isa = PBXFileReference; fileEncoding = 4; lastKnownFileType = sourcecode.swift; path = Images.swift; sourceTree = "<group>"; };
		1E4BCA2C20DE64A0002B310F /* Document.swift */ = {isa = PBXFileReference; fileEncoding = 4; lastKnownFileType = sourcecode.swift; path = Document.swift; sourceTree = "<group>"; };
		1E4BCA2D20DE64A1002B310F /* Stamp.swift */ = {isa = PBXFileReference; fileEncoding = 4; lastKnownFileType = sourcecode.swift; path = Stamp.swift; sourceTree = "<group>"; };
		1E4BCA2E20DE64A1002B310F /* TextHorizontalAlignment.swift */ = {isa = PBXFileReference; fileEncoding = 4; lastKnownFileType = sourcecode.swift; path = TextHorizontalAlignment.swift; sourceTree = "<group>"; };
		1E4BCA2F20DE64A1002B310F /* TextFormatResponse.swift */ = {isa = PBXFileReference; fileEncoding = 4; lastKnownFileType = sourcecode.swift; path = TextFormatResponse.swift; sourceTree = "<group>"; };
		1E4BCA3020DE64A1002B310F /* FontSavingModes.swift */ = {isa = PBXFileReference; fileEncoding = 4; lastKnownFileType = sourcecode.swift; path = FontSavingModes.swift; sourceTree = "<group>"; };
		1E4BCA3120DE64A1002B310F /* Page.swift */ = {isa = PBXFileReference; fileEncoding = 4; lastKnownFileType = sourcecode.swift; path = Page.swift; sourceTree = "<group>"; };
		1E4BCA3220DE64A1002B310F /* DocRecognitionMode.swift */ = {isa = PBXFileReference; fileEncoding = 4; lastKnownFileType = sourcecode.swift; path = DocRecognitionMode.swift; sourceTree = "<group>"; };
		1E4BCA3320DE64A1002B310F /* TextItems.swift */ = {isa = PBXFileReference; fileEncoding = 4; lastKnownFileType = sourcecode.swift; path = TextItems.swift; sourceTree = "<group>"; };
		1E4BCA3420DE64A1002B310F /* TextItemsResponse.swift */ = {isa = PBXFileReference; fileEncoding = 4; lastKnownFileType = sourcecode.swift; path = TextItemsResponse.swift; sourceTree = "<group>"; };
		1E4BCA3520DE64A1002B310F /* FontEncodingRules.swift */ = {isa = PBXFileReference; fileEncoding = 4; lastKnownFileType = sourcecode.swift; path = FontEncodingRules.swift; sourceTree = "<group>"; };
		1E4BCA3620DE64A2002B310F /* SplitResult.swift */ = {isa = PBXFileReference; fileEncoding = 4; lastKnownFileType = sourcecode.swift; path = SplitResult.swift; sourceTree = "<group>"; };
		1E4BCA3720DE64A2002B310F /* ImageResponse.swift */ = {isa = PBXFileReference; fileEncoding = 4; lastKnownFileType = sourcecode.swift; path = ImageResponse.swift; sourceTree = "<group>"; };
		1E4BCA9820DE650D002B310F /* JSONEncodingHelper.swift */ = {isa = PBXFileReference; fileEncoding = 4; lastKnownFileType = sourcecode.swift; path = JSONEncodingHelper.swift; sourceTree = "<group>"; };
		1E4BCA9920DE650D002B310F /* CodableHelper.swift */ = {isa = PBXFileReference; fileEncoding = 4; lastKnownFileType = sourcecode.swift; path = CodableHelper.swift; sourceTree = "<group>"; };
		1E4BCA9A20DE650D002B310F /* APIHelper.swift */ = {isa = PBXFileReference; fileEncoding = 4; lastKnownFileType = sourcecode.swift; path = APIHelper.swift; sourceTree = "<group>"; };
		1E4BCA9B20DE650D002B310F /* Extensions.swift */ = {isa = PBXFileReference; fileEncoding = 4; lastKnownFileType = sourcecode.swift; path = Extensions.swift; sourceTree = "<group>"; };
		1E4BCA9C20DE650D002B310F /* JSONEncodableEncoding.swift */ = {isa = PBXFileReference; fileEncoding = 4; lastKnownFileType = sourcecode.swift; path = JSONEncodableEncoding.swift; sourceTree = "<group>"; };
		1E4BCA9D20DE650D002B310F /* AlamofireImplementations.swift */ = {isa = PBXFileReference; fileEncoding = 4; lastKnownFileType = sourcecode.swift; path = AlamofireImplementations.swift; sourceTree = "<group>"; };
		1E4BCA9E20DE650D002B310F /* Models.swift */ = {isa = PBXFileReference; fileEncoding = 4; lastKnownFileType = sourcecode.swift; path = Models.swift; sourceTree = "<group>"; };
		1E4BCA9F20DE650E002B310F /* Configuration.swift */ = {isa = PBXFileReference; fileEncoding = 4; lastKnownFileType = sourcecode.swift; path = Configuration.swift; sourceTree = "<group>"; };
		1E4BCAA020DE650E002B310F /* APIs.swift */ = {isa = PBXFileReference; fileEncoding = 4; lastKnownFileType = sourcecode.swift; path = APIs.swift; sourceTree = "<group>"; };
		1E4BCAAB20DE655E002B310F /* PdfAPI.swift */ = {isa = PBXFileReference; fileEncoding = 4; lastKnownFileType = sourcecode.swift; path = PdfAPI.swift; sourceTree = "<group>"; };
		1E6333E720F13B17002ACFB6 /* ImageSrcType.swift */ = {isa = PBXFileReference; fileEncoding = 4; lastKnownFileType = sourcecode.swift; path = ImageSrcType.swift; sourceTree = "<group>"; };
		1E6333E820F13B17002ACFB6 /* ImageTemplate.swift */ = {isa = PBXFileReference; fileEncoding = 4; lastKnownFileType = sourcecode.swift; path = ImageTemplate.swift; sourceTree = "<group>"; };
		1E6333E920F13B18002ACFB6 /* MarginInfo.swift */ = {isa = PBXFileReference; fileEncoding = 4; lastKnownFileType = sourcecode.swift; path = MarginInfo.swift; sourceTree = "<group>"; };
		1E6333EA20F13B18002ACFB6 /* ImageTemplatesRequest.swift */ = {isa = PBXFileReference; fileEncoding = 4; lastKnownFileType = sourcecode.swift; path = ImageTemplatesRequest.swift; sourceTree = "<group>"; };
		1E75A8B520F37C8B007036FB /* AnnotationsTests.swift */ = {isa = PBXFileReference; lastKnownFileType = sourcecode.swift; path = AnnotationsTests.swift; sourceTree = "<group>"; };
		1E75A8BC20F3A73A007036FB /* UploadDownloadTests.swift */ = {isa = PBXFileReference; lastKnownFileType = sourcecode.swift; path = UploadDownloadTests.swift; sourceTree = "<group>"; };
		1E84252220FA1B7300AD16B4 /* setup.json */ = {isa = PBXFileReference; lastKnownFileType = text.json; path = setup.json; sourceTree = "<group>"; };
		1E84252420FA2B8E00AD16B4 /* README.md */ = {isa = PBXFileReference; fileEncoding = 4; lastKnownFileType = net.daringfireball.markdown; path = README.md; sourceTree = "<group>"; };
		1E92E9DF20F650EA00CFC699 /* FragmentsAndSegmentsTests.swift */ = {isa = PBXFileReference; lastKnownFileType = sourcecode.swift; path = FragmentsAndSegmentsTests.swift; sourceTree = "<group>"; };
		1E92E9E120F654C400CFC699 /* ImagesTests.swift */ = {isa = PBXFileReference; lastKnownFileType = sourcecode.swift; path = ImagesTests.swift; sourceTree = "<group>"; };
		1E92E9E320F65C3A00CFC699 /* LinksTests.swift */ = {isa = PBXFileReference; lastKnownFileType = sourcecode.swift; path = LinksTests.swift; sourceTree = "<group>"; };
		1E92E9E520F65E1D00CFC699 /* MergeTests.swift */ = {isa = PBXFileReference; lastKnownFileType = sourcecode.swift; path = MergeTests.swift; sourceTree = "<group>"; };
		1E92E9E720F6609A00CFC699 /* OcrTests.swift */ = {isa = PBXFileReference; lastKnownFileType = sourcecode.swift; path = OcrTests.swift; sourceTree = "<group>"; };
		1E92E9E920F6623100CFC699 /* PagesTests.swift */ = {isa = PBXFileReference; lastKnownFileType = sourcecode.swift; path = PagesTests.swift; sourceTree = "<group>"; };
		1EA7C07E20F4E26B00EDAE33 /* AppendTests.swift */ = {isa = PBXFileReference; lastKnownFileType = sourcecode.swift; path = AppendTests.swift; sourceTree = "<group>"; };
		1EA7C08020F4E9EC00EDAE33 /* AttachmentsTests.swift */ = {isa = PBXFileReference; lastKnownFileType = sourcecode.swift; path = AttachmentsTests.swift; sourceTree = "<group>"; };
		1EA7C08220F504B800EDAE33 /* BookmarksTests.swift */ = {isa = PBXFileReference; lastKnownFileType = sourcecode.swift; path = BookmarksTests.swift; sourceTree = "<group>"; };
		1EAE26E320F5DBE60011A389 /* ConvertTests.swift */ = {isa = PBXFileReference; lastKnownFileType = sourcecode.swift; path = ConvertTests.swift; sourceTree = "<group>"; };
		1EAE26E520F602E20011A389 /* DocumentSaveAsTiffTests.swift */ = {isa = PBXFileReference; lastKnownFileType = sourcecode.swift; path = DocumentSaveAsTiffTests.swift; sourceTree = "<group>"; };
		1EAE26E720F606E90011A389 /* DocumentTests.swift */ = {isa = PBXFileReference; lastKnownFileType = sourcecode.swift; path = DocumentTests.swift; sourceTree = "<group>"; };
		1EAE26E920F60FF20011A389 /* FieldsTests.swift */ = {isa = PBXFileReference; lastKnownFileType = sourcecode.swift; path = FieldsTests.swift; sourceTree = "<group>"; };
		1ECA135D20F3CCE7003FF0AB /* 33539.jpg */ = {isa = PBXFileReference; lastKnownFileType = image.jpeg; path = 33539.jpg; sourceTree = "<group>"; };
		1ECA135E20F3CCE7003FF0AB /* 44781.jpg */ = {isa = PBXFileReference; lastKnownFileType = image.jpeg; path = 44781.jpg; sourceTree = "<group>"; };
		1ECA135F20F3CCE7003FF0AB /* 4pages.epub */ = {isa = PBXFileReference; lastKnownFileType = file; path = 4pages.epub; sourceTree = "<group>"; };
		1ECA136020F3CCE7003FF0AB /* 4pages.pdf */ = {isa = PBXFileReference; lastKnownFileType = image.pdf; path = 4pages.pdf; sourceTree = "<group>"; };
		1ECA136120F3CCE7003FF0AB /* BlankWithSignature.pdf */ = {isa = PBXFileReference; lastKnownFileType = image.pdf; path = BlankWithSignature.pdf; sourceTree = "<group>"; };
		1ECA136220F3CCE7003FF0AB /* butterfly.jpg */ = {isa = PBXFileReference; lastKnownFileType = image.jpeg; path = butterfly.jpg; sourceTree = "<group>"; };
		1ECA136420F3CCE7003FF0AB /* HtmlExample1.html */ = {isa = PBXFileReference; fileEncoding = 4; lastKnownFileType = text.html; path = HtmlExample1.html; sourceTree = "<group>"; };
		1ECA136520F3CCE7003FF0AB /* HtmlWithImage.zip */ = {isa = PBXFileReference; lastKnownFileType = archive.zip; path = HtmlWithImage.zip; sourceTree = "<group>"; };
		1ECA136620F3CCE7003FF0AB /* Koala.jpg */ = {isa = PBXFileReference; lastKnownFileType = image.jpeg; path = Koala.jpg; sourceTree = "<group>"; };
		1ECA136720F3CCE7003FF0AB /* marketing.pdf */ = {isa = PBXFileReference; lastKnownFileType = image.pdf; path = marketing.pdf; sourceTree = "<group>"; };
		1ECA136820F3CCE7003FF0AB /* MhtExample.mht */ = {isa = PBXFileReference; fileEncoding = 4; lastKnownFileType = text; path = MhtExample.mht; sourceTree = "<group>"; };
		1ECA136920F3CCE7003FF0AB /* PdfWithAcroForm.pdf */ = {isa = PBXFileReference; lastKnownFileType = image.pdf; path = PdfWithAcroForm.pdf; sourceTree = "<group>"; };
		1ECA136A20F3CCE7003FF0AB /* PdfWithAnnotations.pdf */ = {isa = PBXFileReference; lastKnownFileType = image.pdf; path = PdfWithAnnotations.pdf; sourceTree = "<group>"; };
		1ECA136B20F3CCE7003FF0AB /* PdfWithBookmarks.pdf */ = {isa = PBXFileReference; lastKnownFileType = image.pdf; path = PdfWithBookmarks.pdf; sourceTree = "<group>"; };
		1ECA136C20F3CCE7003FF0AB /* PdfWithEmbeddedFiles.pdf */ = {isa = PBXFileReference; lastKnownFileType = image.pdf; path = PdfWithEmbeddedFiles.pdf; sourceTree = "<group>"; };
		1ECA136D20F3CCE7003FF0AB /* PdfWithImages2.pdf */ = {isa = PBXFileReference; lastKnownFileType = image.pdf; path = PdfWithImages2.pdf; sourceTree = "<group>"; };
		1ECA136E20F3CCE7003FF0AB /* PdfWithLinks.pdf */ = {isa = PBXFileReference; lastKnownFileType = image.pdf; path = PdfWithLinks.pdf; sourceTree = "<group>"; };
		1ECA136F20F3CCE7003FF0AB /* PdfWithXfaForm.pdf */ = {isa = PBXFileReference; lastKnownFileType = image.pdf; path = PdfWithXfaForm.pdf; sourceTree = "<group>"; };
		1ECA137020F3CCE7003FF0AB /* Penguins.emf */ = {isa = PBXFileReference; lastKnownFileType = file; path = Penguins.emf; sourceTree = "<group>"; };
		1ECA137120F3CCE7003FF0AB /* Penguins.jpg */ = {isa = PBXFileReference; lastKnownFileType = image.jpeg; path = Penguins.jpg; sourceTree = "<group>"; };
		1ECA137220F3CCE7003FF0AB /* rusdoc.pdf */ = {isa = PBXFileReference; lastKnownFileType = image.pdf; path = rusdoc.pdf; sourceTree = "<group>"; };
		1ECA137320F3CCE7003FF0AB /* Simple.svg */ = {isa = PBXFileReference; fileEncoding = 4; lastKnownFileType = text; path = Simple.svg; sourceTree = "<group>"; };
		1ECA137420F3CCE7003FF0AB /* Simple.xps */ = {isa = PBXFileReference; lastKnownFileType = file; path = Simple.xps; sourceTree = "<group>"; };
		1ECA137520F3CCE7003FF0AB /* template.pcl */ = {isa = PBXFileReference; fileEncoding = 4; lastKnownFileType = text; path = template.pcl; sourceTree = "<group>"; };
		1ECA137620F3CCE7003FF0AB /* template.xml */ = {isa = PBXFileReference; fileEncoding = 4; lastKnownFileType = text.xml; path = template.xml; sourceTree = "<group>"; };
		1ECA137720F3CCE7003FF0AB /* test1234.pfx */ = {isa = PBXFileReference; lastKnownFileType = file; path = test1234.pfx; sourceTree = "<group>"; };
		1ECA137820F3CCE7003FF0AB /* TexExample.tex */ = {isa = PBXFileReference; fileEncoding = 4; lastKnownFileType = text; path = TexExample.tex; sourceTree = "<group>"; };
		1ECA137920F3CCE7003FF0AB /* Typography.PS */ = {isa = PBXFileReference; fileEncoding = 4; lastKnownFileType = text; path = Typography.PS; sourceTree = "<group>"; };
		1ECA137A20F3CCE7003FF0AB /* XslfoExample.xslfo */ = {isa = PBXFileReference; fileEncoding = 4; lastKnownFileType = text.xml; path = XslfoExample.xslfo; sourceTree = "<group>"; };
		1ECBAAB420DE4F090020CD15 /* AsposePdfCloud.framework */ = {isa = PBXFileReference; explicitFileType = wrapper.framework; includeInIndex = 0; path = AsposePdfCloud.framework; sourceTree = BUILT_PRODUCTS_DIR; };
		1ECBAAB720DE4F090020CD15 /* AsposePdfCloud.h */ = {isa = PBXFileReference; lastKnownFileType = sourcecode.c.h; path = AsposePdfCloud.h; sourceTree = "<group>"; };
		1ECBAAB820DE4F090020CD15 /* Info.plist */ = {isa = PBXFileReference; lastKnownFileType = text.plist.xml; path = Info.plist; sourceTree = "<group>"; };
		1ECBAABD20DE4F090020CD15 /* AsposePdfCloudTests.xctest */ = {isa = PBXFileReference; explicitFileType = wrapper.cfbundle; includeInIndex = 0; path = AsposePdfCloudTests.xctest; sourceTree = BUILT_PRODUCTS_DIR; };
		1ECBAAC220DE4F090020CD15 /* AsposePdfCloudTests.swift */ = {isa = PBXFileReference; lastKnownFileType = sourcecode.swift; path = AsposePdfCloudTests.swift; sourceTree = "<group>"; };
		1ECBAAC420DE4F090020CD15 /* Info.plist */ = {isa = PBXFileReference; lastKnownFileType = text.plist.xml; path = Info.plist; sourceTree = "<group>"; };
		1ECBAACE20DE4FE70020CD15 /* Cartfile */ = {isa = PBXFileReference; fileEncoding = 4; lastKnownFileType = text; path = Cartfile; sourceTree = "<group>"; };
		1ECBAAD120DE54E50020CD15 /* Alamofire.framework */ = {isa = PBXFileReference; lastKnownFileType = wrapper.framework; name = Alamofire.framework; path = Carthage/Build/iOS/Alamofire.framework; sourceTree = "<group>"; };
		1ECBAAD420DE566C0020CD15 /* AuthAspose.swift */ = {isa = PBXFileReference; lastKnownFileType = sourcecode.swift; path = AuthAspose.swift; sourceTree = "<group>"; };
		1EE09B5720F7442D001DB24C /* ParagraphsTests.swift */ = {isa = PBXFileReference; lastKnownFileType = sourcecode.swift; path = ParagraphsTests.swift; sourceTree = "<group>"; };
		1EE09B5920F74765001DB24C /* PrivilegesTests.swift */ = {isa = PBXFileReference; lastKnownFileType = sourcecode.swift; path = PrivilegesTests.swift; sourceTree = "<group>"; };
		1EE09B5B20F748C1001DB24C /* PropertiesTests.swift */ = {isa = PBXFileReference; lastKnownFileType = sourcecode.swift; path = PropertiesTests.swift; sourceTree = "<group>"; };
		1EE09B5D20F74E34001DB24C /* SignTests.swift */ = {isa = PBXFileReference; lastKnownFileType = sourcecode.swift; path = SignTests.swift; sourceTree = "<group>"; };
		1EE09B5F20F76A6B001DB24C /* TextItemsTests.swift */ = {isa = PBXFileReference; lastKnownFileType = sourcecode.swift; path = TextItemsTests.swift; sourceTree = "<group>"; };
		1EE09B6120F76BA6001DB24C /* TextReplaceTests.swift */ = {isa = PBXFileReference; lastKnownFileType = sourcecode.swift; path = TextReplaceTests.swift; sourceTree = "<group>"; };
		1EE09B6320F7A944001DB24C /* TextTests.swift */ = {isa = PBXFileReference; lastKnownFileType = sourcecode.swift; path = TextTests.swift; sourceTree = "<group>"; };
		1EE09B6520F7AEE3001DB24C /* ConvertToPdfTests.swift */ = {isa = PBXFileReference; lastKnownFileType = sourcecode.swift; path = ConvertToPdfTests.swift; sourceTree = "<group>"; };
		241A9FF42E437F0262210348 /* Pods_AsposePdfCloud.framework */ = {isa = PBXFileReference; explicitFileType = wrapper.framework; includeInIndex = 0; path = Pods_AsposePdfCloud.framework; sourceTree = BUILT_PRODUCTS_DIR; };
		3E39456274F2BE66188E830B /* Pods-AsposePdfCloud.debug.xcconfig */ = {isa = PBXFileReference; includeInIndex = 1; lastKnownFileType = text.xcconfig; name = "Pods-AsposePdfCloud.debug.xcconfig"; path = "Pods/Target Support Files/Pods-AsposePdfCloud/Pods-AsposePdfCloud.debug.xcconfig"; sourceTree = "<group>"; };
/* End PBXFileReference section */

/* Begin PBXFrameworksBuildPhase section */
		1ECBAAB020DE4F090020CD15 /* Frameworks */ = {
			isa = PBXFrameworksBuildPhase;
			buildActionMask = 2147483647;
			files = (
				1ECBAAD220DE54E50020CD15 /* Alamofire.framework in Frameworks */,
			);
			runOnlyForDeploymentPostprocessing = 0;
		};
		1ECBAABA20DE4F090020CD15 /* Frameworks */ = {
			isa = PBXFrameworksBuildPhase;
			buildActionMask = 2147483647;
			files = (
				1ECBAABE20DE4F090020CD15 /* AsposePdfCloud.framework in Frameworks */,
			);
			runOnlyForDeploymentPostprocessing = 0;
		};
/* End PBXFrameworksBuildPhase section */

/* Begin PBXGroup section */
		1E4BC9D720DE645F002B310F /* Models */ = {
			isa = PBXGroup;
			children = (
				1E6333E720F13B17002ACFB6 /* ImageSrcType.swift */,
				1E6333E820F13B17002ACFB6 /* ImageTemplate.swift */,
				1E6333EA20F13B18002ACFB6 /* ImageTemplatesRequest.swift */,
				1E6333E920F13B18002ACFB6 /* MarginInfo.swift */,
				1E4BCA0120DE649B002B310F /* Annotation.swift */,
				1E4BC9E820DE6498002B310F /* AnnotationResponse.swift */,
				1E4BC9E020DE6498002B310F /* Annotations.swift */,
				1E4BCA2320DE649F002B310F /* AnnotationsResponse.swift */,
				1E4BCA1A20DE649E002B310F /* AntialiasingProcessingType.swift */,
				1E4BCA2520DE64A0002B310F /* AppendDocument.swift */,
				1E4BCA0A20DE649C002B310F /* Attachment.swift */,
				1E4BCA0620DE649B002B310F /* AttachmentResponse.swift */,
				1E4BCA0F20DE649C002B310F /* Attachments.swift */,
				1E4BCA1920DE649E002B310F /* AttachmentsResponse.swift */,
				1E4BC9FF20DE649B002B310F /* Color.swift */,
				1E4BCA2A20DE64A0002B310F /* ColorDepth.swift */,
				1E4BCA1D20DE649E002B310F /* CompressionType.swift */,
				1E4BCA1420DE649D002B310F /* DocFormat.swift */,
				1E4BCA3220DE64A1002B310F /* DocRecognitionMode.swift */,
				1E4BCA2C20DE64A0002B310F /* Document.swift */,
				1E4BC9ED20DE6499002B310F /* DocumentPagesResponse.swift */,
				1E4BC9F920DE649A002B310F /* DocumentPrivilege.swift */,
				1E4BC9DE20DE6498002B310F /* DocumentProperties.swift */,
				1E4BCA0C20DE649C002B310F /* DocumentPropertiesResponse.swift */,
				1E4BCA1220DE649D002B310F /* DocumentProperty.swift */,
				1E4BCA0D20DE649C002B310F /* DocumentPropertyResponse.swift */,
				1E4BC9FD20DE649A002B310F /* DocumentResponse.swift */,
				1E4BC9DC20DE6498002B310F /* DocumentTextReplaceResponse.swift */,
				1E4BCA1320DE649D002B310F /* EpubRecognitionMode.swift */,
				1E4BC9E220DE6498002B310F /* Field.swift */,
				1E4BCA2620DE64A0002B310F /* FieldResponse.swift */,
				1E4BC9DD20DE6498002B310F /* Fields.swift */,
				1E4BCA1620DE649D002B310F /* FieldsResponse.swift */,
				1E4BC9EE20DE6499002B310F /* FieldType.swift */,
				1E4BCA3520DE64A1002B310F /* FontEncodingRules.swift */,
				1E4BCA3020DE64A1002B310F /* FontSavingModes.swift */,
				1E4BC9E620DE6498002B310F /* FontStyles.swift */,
				1E4BCA2020DE649E002B310F /* HorizontalAlignment.swift */,
				1E4BCA2420DE64A0002B310F /* HtmlDocumentType.swift */,
				1E4BCA1820DE649D002B310F /* HtmlMarkupGenerationModes.swift */,
				1E4BC9E920DE6499002B310F /* HttpStatusCode.swift */,
				1E4BC9DB20DE6498002B310F /* Image.swift */,
				1E4BCA3720DE64A2002B310F /* ImageResponse.swift */,
				1E4BCA2B20DE64A0002B310F /* Images.swift */,
				1E4BCA0220DE649B002B310F /* ImagesListRequest.swift */,
				1E4BC9DF20DE6498002B310F /* ImagesResponse.swift */,
				1E4BCA0320DE649B002B310F /* LettersPositioningMethods.swift */,
				1E4BCA1B20DE649E002B310F /* LineSpacing.swift */,
				1E4BC9F420DE6499002B310F /* Link.swift */,
				1E4BCA1C20DE649E002B310F /* LinkActionType.swift */,
				1E4BC9FE20DE649B002B310F /* LinkAnnotation.swift */,
				1E4BCA2920DE64A0002B310F /* LinkAnnotationResponse.swift */,
				1E4BCA1020DE649D002B310F /* LinkAnnotations.swift */,
				1E4BC9EA20DE6499002B310F /* LinkAnnotationsResponse.swift */,
				1E4BCA0B20DE649C002B310F /* LinkElement.swift */,
				1E4BCA0020DE649B002B310F /* LinkHighlightingMode.swift */,
				1E4BC9E720DE6498002B310F /* MergeDocuments.swift */,
				1E4BC9FB20DE649A002B310F /* OptimizeOptions.swift */,
				1E4BCA3120DE64A1002B310F /* Page.swift */,
				1E4BCA1520DE649D002B310F /* Pages.swift */,
				1E4BCA1E20DE649E002B310F /* PageTextReplaceResponse.swift */,
				1E4BCA2120DE649F002B310F /* PageWordCount.swift */,
				1E4BC9F520DE649A002B310F /* Paragraph.swift */,
				1E4BC9E120DE6498002B310F /* PartsEmbeddingModes.swift */,
				1E4BCA2720DE64A0002B310F /* PdfAType.swift */,
				1E4BCA1F20DE649E002B310F /* RasterImagesSavingModes.swift */,
				1E4BC9FC20DE649A002B310F /* Rectangle.swift */,
				1E4BC9EB20DE6499002B310F /* Rotation.swift */,
				1E4BCA2220DE649F002B310F /* SaaSposeResponse.swift */,
				1E4BC9F220DE6499002B310F /* Segment.swift */,
				1E4BC9F320DE6499002B310F /* ShapeType.swift */,
				1E4BC9F820DE649A002B310F /* Signature.swift */,
				1E4BCA1120DE649D002B310F /* SignatureType.swift */,
				1E4BCA0E20DE649C002B310F /* SignatureVerifyResponse.swift */,
				1E4BCA3620DE64A2002B310F /* SplitResult.swift */,
				1E4BC9D820DE6498002B310F /* SplitResultDocument.swift */,
				1E4BC9F620DE649A002B310F /* SplitResultResponse.swift */,
				1E4BCA2D20DE64A1002B310F /* Stamp.swift */,
				1E4BC9EF20DE6499002B310F /* StampType.swift */,
				1E4BCA2820DE64A0002B310F /* TextFormat.swift */,
				1E4BCA2F20DE64A1002B310F /* TextFormatResponse.swift */,
				1E4BCA2E20DE64A1002B310F /* TextHorizontalAlignment.swift */,
				1E4BCA0720DE649C002B310F /* TextItem.swift */,
				1E4BC9E320DE6498002B310F /* TextItemResponse.swift */,
				1E4BCA3320DE64A1002B310F /* TextItems.swift */,
				1E4BCA3420DE64A1002B310F /* TextItemsResponse.swift */,
				1E4BC9F720DE649A002B310F /* TextLine.swift */,
				1E4BC9F020DE6499002B310F /* TextRect.swift */,
				1E4BC9FA20DE649A002B310F /* TextRects.swift */,
				1E4BC9E420DE6498002B310F /* TextRectsResponse.swift */,
				1E4BC9F120DE6499002B310F /* TextReplace.swift */,
				1E4BCA0420DE649B002B310F /* TextReplaceListRequest.swift */,
				1E4BCA0820DE649C002B310F /* TextReplaceRequest.swift */,
				1E4BC9E520DE6498002B310F /* TextReplaceResponse.swift */,
				1E4BCA0920DE649C002B310F /* TextState.swift */,
				1E4BCA1720DE649D002B310F /* TiffExportOptions.swift */,
				1E4BC9EC20DE6499002B310F /* VerticalAlignment.swift */,
				1E4BCA0520DE649B002B310F /* WordCount.swift */,
				1E4BC9D920DE6498002B310F /* WordCountResponse.swift */,
				1E4BC9DA20DE6498002B310F /* WrapMode.swift */,
			);
			path = Models;
			sourceTree = "<group>";
		};
		1E4BCAAA20DE6539002B310F /* APIs */ = {
			isa = PBXGroup;
			children = (
				1E4BCAAB20DE655E002B310F /* PdfAPI.swift */,
			);
			path = APIs;
			sourceTree = "<group>";
		};
		1ECA135C20F3CCE7003FF0AB /* TestData */ = {
			isa = PBXGroup;
			children = (
				1ECA135D20F3CCE7003FF0AB /* 33539.jpg */,
				1ECA135E20F3CCE7003FF0AB /* 44781.jpg */,
				1ECA135F20F3CCE7003FF0AB /* 4pages.epub */,
				1ECA136020F3CCE7003FF0AB /* 4pages.pdf */,
				1ECA136120F3CCE7003FF0AB /* BlankWithSignature.pdf */,
				1ECA136220F3CCE7003FF0AB /* butterfly.jpg */,
				1ECA136420F3CCE7003FF0AB /* HtmlExample1.html */,
				1ECA136520F3CCE7003FF0AB /* HtmlWithImage.zip */,
				1ECA136620F3CCE7003FF0AB /* Koala.jpg */,
				1ECA136720F3CCE7003FF0AB /* marketing.pdf */,
				1ECA136820F3CCE7003FF0AB /* MhtExample.mht */,
				1ECA136920F3CCE7003FF0AB /* PdfWithAcroForm.pdf */,
				1ECA136A20F3CCE7003FF0AB /* PdfWithAnnotations.pdf */,
				1ECA136B20F3CCE7003FF0AB /* PdfWithBookmarks.pdf */,
				1ECA136C20F3CCE7003FF0AB /* PdfWithEmbeddedFiles.pdf */,
				1ECA136D20F3CCE7003FF0AB /* PdfWithImages2.pdf */,
				1ECA136E20F3CCE7003FF0AB /* PdfWithLinks.pdf */,
				1ECA136F20F3CCE7003FF0AB /* PdfWithXfaForm.pdf */,
				1ECA137020F3CCE7003FF0AB /* Penguins.emf */,
				1ECA137120F3CCE7003FF0AB /* Penguins.jpg */,
				1ECA137220F3CCE7003FF0AB /* rusdoc.pdf */,
				1ECA137320F3CCE7003FF0AB /* Simple.svg */,
				1ECA137420F3CCE7003FF0AB /* Simple.xps */,
				1ECA137520F3CCE7003FF0AB /* template.pcl */,
				1ECA137620F3CCE7003FF0AB /* template.xml */,
				1ECA137720F3CCE7003FF0AB /* test1234.pfx */,
				1ECA137820F3CCE7003FF0AB /* TexExample.tex */,
				1ECA137920F3CCE7003FF0AB /* Typography.PS */,
				1ECA137A20F3CCE7003FF0AB /* XslfoExample.xslfo */,
			);
			path = TestData;
			sourceTree = "<group>";
		};
		1ECBAAAA20DE4F090020CD15 = {
			isa = PBXGroup;
			children = (
				1E84252420FA2B8E00AD16B4 /* README.md */,
				1E84252220FA1B7300AD16B4 /* setup.json */,
				1ECA135C20F3CCE7003FF0AB /* TestData */,
				1ECBAACE20DE4FE70020CD15 /* Cartfile */,
				1ECBAAB620DE4F090020CD15 /* AsposePdfCloud */,
				1ECBAAC120DE4F090020CD15 /* AsposePdfCloudTests */,
				1ECBAAB520DE4F090020CD15 /* Products */,
				1ECBAAD020DE54E50020CD15 /* Frameworks */,
				2947BF75B3AFE99FFAC075FE /* Pods */,
			);
			sourceTree = "<group>";
		};
		1ECBAAB520DE4F090020CD15 /* Products */ = {
			isa = PBXGroup;
			children = (
				1ECBAAB420DE4F090020CD15 /* AsposePdfCloud.framework */,
				1ECBAABD20DE4F090020CD15 /* AsposePdfCloudTests.xctest */,
			);
			name = Products;
			sourceTree = "<group>";
		};
		1ECBAAB620DE4F090020CD15 /* AsposePdfCloud */ = {
			isa = PBXGroup;
			children = (
				1E4BCAAA20DE6539002B310F /* APIs */,
				1E4BCA9D20DE650D002B310F /* AlamofireImplementations.swift */,
				1E4BCA9A20DE650D002B310F /* APIHelper.swift */,
				1E4BCAA020DE650E002B310F /* APIs.swift */,
				1E4BCA9920DE650D002B310F /* CodableHelper.swift */,
				1E4BCA9F20DE650E002B310F /* Configuration.swift */,
				1E4BCA9B20DE650D002B310F /* Extensions.swift */,
				1E4BCA9C20DE650D002B310F /* JSONEncodableEncoding.swift */,
				1E4BCA9820DE650D002B310F /* JSONEncodingHelper.swift */,
				1E4BCA9E20DE650D002B310F /* Models.swift */,
				1E4BC9D720DE645F002B310F /* Models */,
				1ECBAAB720DE4F090020CD15 /* AsposePdfCloud.h */,
				1ECBAAB820DE4F090020CD15 /* Info.plist */,
				1ECBAAD420DE566C0020CD15 /* AuthAspose.swift */,
			);
			path = AsposePdfCloud;
			sourceTree = "<group>";
		};
		1ECBAAC120DE4F090020CD15 /* AsposePdfCloudTests */ = {
			isa = PBXGroup;
			children = (
				1E3B278420F88E2500D9DBB2 /* PageConvertToImageTests.swift */,
				1EE09B6520F7AEE3001DB24C /* ConvertToPdfTests.swift */,
				1EE09B6320F7A944001DB24C /* TextTests.swift */,
				1EE09B6120F76BA6001DB24C /* TextReplaceTests.swift */,
				1EE09B5F20F76A6B001DB24C /* TextItemsTests.swift */,
				1EE09B5D20F74E34001DB24C /* SignTests.swift */,
				1EE09B5B20F748C1001DB24C /* PropertiesTests.swift */,
				1EE09B5920F74765001DB24C /* PrivilegesTests.swift */,
				1EE09B5720F7442D001DB24C /* ParagraphsTests.swift */,
				1E92E9E920F6623100CFC699 /* PagesTests.swift */,
				1E92E9E720F6609A00CFC699 /* OcrTests.swift */,
				1E92E9E520F65E1D00CFC699 /* MergeTests.swift */,
				1E92E9E320F65C3A00CFC699 /* LinksTests.swift */,
				1E92E9E120F654C400CFC699 /* ImagesTests.swift */,
				1E92E9DF20F650EA00CFC699 /* FragmentsAndSegmentsTests.swift */,
				1EAE26E920F60FF20011A389 /* FieldsTests.swift */,
				1EAE26E720F606E90011A389 /* DocumentTests.swift */,
				1EAE26E520F602E20011A389 /* DocumentSaveAsTiffTests.swift */,
				1EAE26E320F5DBE60011A389 /* ConvertTests.swift */,
				1EA7C08220F504B800EDAE33 /* BookmarksTests.swift */,
				1EA7C08020F4E9EC00EDAE33 /* AttachmentsTests.swift */,
				1EA7C07E20F4E26B00EDAE33 /* AppendTests.swift */,
				1E75A8BC20F3A73A007036FB /* UploadDownloadTests.swift */,
				1E75A8B520F37C8B007036FB /* AnnotationsTests.swift */,
				1ECBAAC220DE4F090020CD15 /* AsposePdfCloudTests.swift */,
				1ECBAAC420DE4F090020CD15 /* Info.plist */,
			);
			path = AsposePdfCloudTests;
			sourceTree = "<group>";
		};
		1ECBAAD020DE54E50020CD15 /* Frameworks */ = {
			isa = PBXGroup;
			children = (
				1ECBAAD120DE54E50020CD15 /* Alamofire.framework */,
				241A9FF42E437F0262210348 /* Pods_AsposePdfCloud.framework */,
			);
			name = Frameworks;
			sourceTree = "<group>";
		};
		2947BF75B3AFE99FFAC075FE /* Pods */ = {
			isa = PBXGroup;
			children = (
				3E39456274F2BE66188E830B /* Pods-AsposePdfCloud.debug.xcconfig */,
				0C85B165E967EB0CC5651D66 /* Pods-AsposePdfCloud.release.xcconfig */,
			);
			name = Pods;
			sourceTree = "<group>";
		};
/* End PBXGroup section */

/* Begin PBXHeadersBuildPhase section */
		1ECBAAB120DE4F090020CD15 /* Headers */ = {
			isa = PBXHeadersBuildPhase;
			buildActionMask = 2147483647;
			files = (
				1ECBAAC520DE4F090020CD15 /* AsposePdfCloud.h in Headers */,
			);
			runOnlyForDeploymentPostprocessing = 0;
		};
/* End PBXHeadersBuildPhase section */

/* Begin PBXNativeTarget section */
		1ECBAAB320DE4F090020CD15 /* AsposePdfCloud */ = {
			isa = PBXNativeTarget;
			buildConfigurationList = 1ECBAAC820DE4F090020CD15 /* Build configuration list for PBXNativeTarget "AsposePdfCloud" */;
			buildPhases = (
				FF9FD620270CDDAAABC6DDD0 /* [CP] Check Pods Manifest.lock */,
				1ECBAAAF20DE4F090020CD15 /* Sources */,
				1ECBAAB020DE4F090020CD15 /* Frameworks */,
				1ECBAAB120DE4F090020CD15 /* Headers */,
				1ECBAAB220DE4F090020CD15 /* Resources */,
				1ECBAAD320DE555B0020CD15 /* ShellScript */,
			);
			buildRules = (
			);
			dependencies = (
			);
			name = AsposePdfCloud;
			productName = AsposePdfCloud;
			productReference = 1ECBAAB420DE4F090020CD15 /* AsposePdfCloud.framework */;
			productType = "com.apple.product-type.framework";
		};
		1ECBAABC20DE4F090020CD15 /* AsposePdfCloudTests */ = {
			isa = PBXNativeTarget;
			buildConfigurationList = 1ECBAACB20DE4F090020CD15 /* Build configuration list for PBXNativeTarget "AsposePdfCloudTests" */;
			buildPhases = (
				1ECBAAB920DE4F090020CD15 /* Sources */,
				1ECBAABA20DE4F090020CD15 /* Frameworks */,
				1ECBAABB20DE4F090020CD15 /* Resources */,
				1E75A8BA20F3A5D0007036FB /* CopyFiles */,
			);
			buildRules = (
			);
			dependencies = (
				1ECBAAC020DE4F090020CD15 /* PBXTargetDependency */,
			);
			name = AsposePdfCloudTests;
			productName = AsposePdfCloudTests;
			productReference = 1ECBAABD20DE4F090020CD15 /* AsposePdfCloudTests.xctest */;
			productType = "com.apple.product-type.bundle.unit-test";
		};
/* End PBXNativeTarget section */

/* Begin PBXProject section */
		1ECBAAAB20DE4F090020CD15 /* Project object */ = {
			isa = PBXProject;
			attributes = {
				LastSwiftUpdateCheck = 0940;
				LastUpgradeCheck = 0940;
				ORGANIZATIONNAME = Aspose;
				TargetAttributes = {
					1ECBAAB320DE4F090020CD15 = {
						CreatedOnToolsVersion = 9.4;
						LastSwiftMigration = 0940;
					};
					1ECBAABC20DE4F090020CD15 = {
						CreatedOnToolsVersion = 9.4;
					};
				};
			};
			buildConfigurationList = 1ECBAAAE20DE4F090020CD15 /* Build configuration list for PBXProject "AsposePdfCloud" */;
			compatibilityVersion = "Xcode 9.3";
			developmentRegion = en;
			hasScannedForEncodings = 0;
			knownRegions = (
				en,
			);
			mainGroup = 1ECBAAAA20DE4F090020CD15;
			productRefGroup = 1ECBAAB520DE4F090020CD15 /* Products */;
			projectDirPath = "";
			projectRoot = "";
			targets = (
				1ECBAAB320DE4F090020CD15 /* AsposePdfCloud */,
				1ECBAABC20DE4F090020CD15 /* AsposePdfCloudTests */,
			);
		};
/* End PBXProject section */

/* Begin PBXResourcesBuildPhase section */
		1ECBAAB220DE4F090020CD15 /* Resources */ = {
			isa = PBXResourcesBuildPhase;
			buildActionMask = 2147483647;
			files = (
				1E84252520FA2B8E00AD16B4 /* README.md in Resources */,
				1ECBAACF20DE4FE70020CD15 /* Cartfile in Resources */,
			);
			runOnlyForDeploymentPostprocessing = 0;
		};
		1ECBAABB20DE4F090020CD15 /* Resources */ = {
			isa = PBXResourcesBuildPhase;
			buildActionMask = 2147483647;
			files = (
				1E84252320FA1B7300AD16B4 /* setup.json in Resources */,
				1ECA138820F3CCE7003FF0AB /* PdfWithAnnotations.pdf in Resources */,
				1ECA138B20F3CCE7003FF0AB /* PdfWithImages2.pdf in Resources */,
				1ECA139020F3CCE7003FF0AB /* rusdoc.pdf in Resources */,
				1ECA137C20F3CCE7003FF0AB /* 44781.jpg in Resources */,
				1ECA138720F3CCE7003FF0AB /* PdfWithAcroForm.pdf in Resources */,
				1ECA138A20F3CCE7003FF0AB /* PdfWithEmbeddedFiles.pdf in Resources */,
				1ECA138C20F3CCE7003FF0AB /* PdfWithLinks.pdf in Resources */,
				1ECA137B20F3CCE7003FF0AB /* 33539.jpg in Resources */,
				1ECA138620F3CCE7003FF0AB /* MhtExample.mht in Resources */,
				1ECA137E20F3CCE7003FF0AB /* 4pages.pdf in Resources */,
				1ECA138D20F3CCE7003FF0AB /* PdfWithXfaForm.pdf in Resources */,
				1ECA139520F3CCE7003FF0AB /* test1234.pfx in Resources */,
				1ECA138E20F3CCE7003FF0AB /* Penguins.emf in Resources */,
				1ECA139820F3CCE7003FF0AB /* XslfoExample.xslfo in Resources */,
				1ECA139220F3CCE7003FF0AB /* Simple.xps in Resources */,
				1ECA137D20F3CCE7003FF0AB /* 4pages.epub in Resources */,
				1ECA138F20F3CCE7003FF0AB /* Penguins.jpg in Resources */,
				1ECA138320F3CCE7003FF0AB /* HtmlWithImage.zip in Resources */,
				1ECA139420F3CCE7003FF0AB /* template.xml in Resources */,
				1ECA138920F3CCE7003FF0AB /* PdfWithBookmarks.pdf in Resources */,
				1ECA137F20F3CCE7003FF0AB /* BlankWithSignature.pdf in Resources */,
				1ECA139720F3CCE7003FF0AB /* Typography.PS in Resources */,
				1ECA138520F3CCE7003FF0AB /* marketing.pdf in Resources */,
				1ECA139320F3CCE7003FF0AB /* template.pcl in Resources */,
				1ECA138220F3CCE7003FF0AB /* HtmlExample1.html in Resources */,
				1ECA138420F3CCE7003FF0AB /* Koala.jpg in Resources */,
				1ECA138020F3CCE7003FF0AB /* butterfly.jpg in Resources */,
				1ECA139620F3CCE7003FF0AB /* TexExample.tex in Resources */,
				1ECA139120F3CCE7003FF0AB /* Simple.svg in Resources */,
			);
			runOnlyForDeploymentPostprocessing = 0;
		};
/* End PBXResourcesBuildPhase section */

/* Begin PBXShellScriptBuildPhase section */
		1ECBAAD320DE555B0020CD15 /* ShellScript */ = {
			isa = PBXShellScriptBuildPhase;
			buildActionMask = 2147483647;
			files = (
			);
			inputPaths = (
				"$(SRCROOT)/Carthage/Build/iOS/Alamofire.framework",
			);
			outputPaths = (
			);
			runOnlyForDeploymentPostprocessing = 0;
			shellPath = /bin/sh;
			shellScript = "/usr/local/bin/carthage copy-frameworks";
		};
		FF9FD620270CDDAAABC6DDD0 /* [CP] Check Pods Manifest.lock */ = {
			isa = PBXShellScriptBuildPhase;
			buildActionMask = 2147483647;
			files = (
			);
			inputPaths = (
				"${PODS_PODFILE_DIR_PATH}/Podfile.lock",
				"${PODS_ROOT}/Manifest.lock",
			);
			name = "[CP] Check Pods Manifest.lock";
			outputPaths = (
				"$(DERIVED_FILE_DIR)/Pods-AsposePdfCloud-checkManifestLockResult.txt",
			);
			runOnlyForDeploymentPostprocessing = 0;
			shellPath = /bin/sh;
			shellScript = "diff \"${PODS_PODFILE_DIR_PATH}/Podfile.lock\" \"${PODS_ROOT}/Manifest.lock\" > /dev/null\nif [ $? != 0 ] ; then\n    # print error to STDERR\n    echo \"error: The sandbox is not in sync with the Podfile.lock. Run 'pod install' or update your CocoaPods installation.\" >&2\n    exit 1\nfi\n# This output is used by Xcode 'outputs' to avoid re-running this script phase.\necho \"SUCCESS\" > \"${SCRIPT_OUTPUT_FILE_0}\"\n";
			showEnvVarsInLog = 0;
		};
/* End PBXShellScriptBuildPhase section */

/* Begin PBXSourcesBuildPhase section */
		1ECBAAAF20DE4F090020CD15 /* Sources */ = {
			isa = PBXSourcesBuildPhase;
			buildActionMask = 2147483647;
			files = (
				1E4BCA7020DE64A2002B310F /* LinkAnnotations.swift in Sources */,
				1E4BCA4F20DE64A2002B310F /* StampType.swift in Sources */,
				1E4BCA3A20DE64A2002B310F /* WrapMode.swift in Sources */,
				1E4BCA8220DE64A2002B310F /* SaaSposeResponse.swift in Sources */,
				1E4BCA6C20DE64A2002B310F /* DocumentPropertiesResponse.swift in Sources */,
				1E4BCA5020DE64A2002B310F /* TextRect.swift in Sources */,
				1E4BCA8E20DE64A2002B310F /* TextHorizontalAlignment.swift in Sources */,
				1E4BCA5220DE64A2002B310F /* Segment.swift in Sources */,
				1E4BCA6920DE64A2002B310F /* TextState.swift in Sources */,
				1E4BCA6E20DE64A2002B310F /* SignatureVerifyResponse.swift in Sources */,
				1E4BCA3820DE64A2002B310F /* SplitResultDocument.swift in Sources */,
				1E4BCA6120DE64A2002B310F /* Annotation.swift in Sources */,
				1E4BCA4220DE64A2002B310F /* Field.swift in Sources */,
				1E4BCA6320DE64A2002B310F /* LettersPositioningMethods.swift in Sources */,
				1E4BCA4420DE64A2002B310F /* TextRectsResponse.swift in Sources */,
				1E4BCA9720DE64A2002B310F /* ImageResponse.swift in Sources */,
				1E4BCA7220DE64A2002B310F /* DocumentProperty.swift in Sources */,
				1E4BCA6420DE64A2002B310F /* TextReplaceListRequest.swift in Sources */,
				1E4BCA5520DE64A2002B310F /* Paragraph.swift in Sources */,
				1E4BCA6620DE64A2002B310F /* AttachmentResponse.swift in Sources */,
				1E4BCA4520DE64A2002B310F /* TextReplaceResponse.swift in Sources */,
				1E4BCA4820DE64A2002B310F /* AnnotationResponse.swift in Sources */,
				1E4BCA7820DE64A2002B310F /* HtmlMarkupGenerationModes.swift in Sources */,
				1E4BCA7720DE64A2002B310F /* TiffExportOptions.swift in Sources */,
				1E4BCA9620DE64A2002B310F /* SplitResult.swift in Sources */,
				1E4BCA6B20DE64A2002B310F /* LinkElement.swift in Sources */,
				1E4BCA7B20DE64A2002B310F /* LineSpacing.swift in Sources */,
				1E4BCAA720DE650E002B310F /* Models.swift in Sources */,
				1E4BCA6020DE64A2002B310F /* LinkHighlightingMode.swift in Sources */,
				1E4BCA7620DE64A2002B310F /* FieldsResponse.swift in Sources */,
				1E4BCA7A20DE64A2002B310F /* AntialiasingProcessingType.swift in Sources */,
				1E4BCA6720DE64A2002B310F /* TextItem.swift in Sources */,
				1E4BCA8520DE64A2002B310F /* AppendDocument.swift in Sources */,
				1E4BCA8320DE64A2002B310F /* AnnotationsResponse.swift in Sources */,
				1E4BCA9220DE64A2002B310F /* DocRecognitionMode.swift in Sources */,
				1E4BCA5420DE64A2002B310F /* Link.swift in Sources */,
				1E4BCA4720DE64A2002B310F /* MergeDocuments.swift in Sources */,
				1E4BCAAC20DE655E002B310F /* PdfAPI.swift in Sources */,
				1E4BCA5920DE64A2002B310F /* DocumentPrivilege.swift in Sources */,
				1E4BCA8820DE64A2002B310F /* TextFormat.swift in Sources */,
				1E4BCA8F20DE64A2002B310F /* TextFormatResponse.swift in Sources */,
				1E4BCA4A20DE64A2002B310F /* LinkAnnotationsResponse.swift in Sources */,
				1E4BCA8020DE64A2002B310F /* HorizontalAlignment.swift in Sources */,
				1E6333EE20F13B18002ACFB6 /* ImageTemplatesRequest.swift in Sources */,
				1E4BCA4E20DE64A2002B310F /* FieldType.swift in Sources */,
				1E4BCAA520DE650E002B310F /* JSONEncodableEncoding.swift in Sources */,
				1E4BCA8B20DE64A2002B310F /* Images.swift in Sources */,
				1E4BCA5620DE64A2002B310F /* SplitResultResponse.swift in Sources */,
				1E4BCA9520DE64A2002B310F /* FontEncodingRules.swift in Sources */,
				1E4BCA5E20DE64A2002B310F /* LinkAnnotation.swift in Sources */,
				1E4BCA8120DE64A2002B310F /* PageWordCount.swift in Sources */,
				1E4BCA5A20DE64A2002B310F /* TextRects.swift in Sources */,
				1E4BCAA320DE650E002B310F /* APIHelper.swift in Sources */,
				1E4BCAA820DE650E002B310F /* Configuration.swift in Sources */,
				1E4BCA5C20DE64A2002B310F /* Rectangle.swift in Sources */,
				1E4BCA8720DE64A2002B310F /* PdfAType.swift in Sources */,
				1E4BCA5B20DE64A2002B310F /* OptimizeOptions.swift in Sources */,
				1E4BCA7E20DE64A2002B310F /* PageTextReplaceResponse.swift in Sources */,
				1E6333EC20F13B18002ACFB6 /* ImageTemplate.swift in Sources */,
				1E4BCA5F20DE64A2002B310F /* Color.swift in Sources */,
				1E4BCA9020DE64A2002B310F /* FontSavingModes.swift in Sources */,
				1E4BCA6820DE64A2002B310F /* TextReplaceRequest.swift in Sources */,
				1E4BCA5320DE64A2002B310F /* ShapeType.swift in Sources */,
				1E4BCA5120DE64A2002B310F /* TextReplace.swift in Sources */,
				1E4BCA9120DE64A2002B310F /* Page.swift in Sources */,
				1E4BCAA420DE650E002B310F /* Extensions.swift in Sources */,
				1E4BCA4020DE64A2002B310F /* Annotations.swift in Sources */,
				1E4BCA9320DE64A2002B310F /* TextItems.swift in Sources */,
				1E4BCA6A20DE64A2002B310F /* Attachment.swift in Sources */,
				1E4BCA8620DE64A2002B310F /* FieldResponse.swift in Sources */,
				1E4BCA7920DE64A2002B310F /* AttachmentsResponse.swift in Sources */,
				1E4BCA4620DE64A2002B310F /* FontStyles.swift in Sources */,
				1E4BCAA120DE650E002B310F /* JSONEncodingHelper.swift in Sources */,
				1E4BCA7420DE64A2002B310F /* DocFormat.swift in Sources */,
				1E4BCA7D20DE64A2002B310F /* CompressionType.swift in Sources */,
				1E4BCA6520DE64A2002B310F /* WordCount.swift in Sources */,
				1E4BCA4320DE64A2002B310F /* TextItemResponse.swift in Sources */,
				1E4BCA3F20DE64A2002B310F /* ImagesResponse.swift in Sources */,
				1E4BCA8A20DE64A2002B310F /* ColorDepth.swift in Sources */,
				1E4BCA7320DE64A2002B310F /* EpubRecognitionMode.swift in Sources */,
				1E4BCA8C20DE64A2002B310F /* Document.swift in Sources */,
				1E4BCA3920DE64A2002B310F /* WordCountResponse.swift in Sources */,
				1ECBAAD520DE566C0020CD15 /* AuthAspose.swift in Sources */,
				1E4BCA5720DE64A2002B310F /* TextLine.swift in Sources */,
				1E4BCA7F20DE64A2002B310F /* RasterImagesSavingModes.swift in Sources */,
				1E4BCA4B20DE64A2002B310F /* Rotation.swift in Sources */,
				1E4BCA6220DE64A2002B310F /* ImagesListRequest.swift in Sources */,
				1E4BCAA620DE650E002B310F /* AlamofireImplementations.swift in Sources */,
				1E4BCA7C20DE64A2002B310F /* LinkActionType.swift in Sources */,
				1E4BCA8920DE64A2002B310F /* LinkAnnotationResponse.swift in Sources */,
				1E6333ED20F13B18002ACFB6 /* MarginInfo.swift in Sources */,
				1E4BCA8420DE64A2002B310F /* HtmlDocumentType.swift in Sources */,
				1E4BCA7120DE64A2002B310F /* SignatureType.swift in Sources */,
				1E4BCA4C20DE64A2002B310F /* VerticalAlignment.swift in Sources */,
				1E4BCA8D20DE64A2002B310F /* Stamp.swift in Sources */,
				1E4BCA3D20DE64A2002B310F /* Fields.swift in Sources */,
				1E4BCA9420DE64A2002B310F /* TextItemsResponse.swift in Sources */,
				1E4BCA4120DE64A2002B310F /* PartsEmbeddingModes.swift in Sources */,
				1E4BCA5820DE64A2002B310F /* Signature.swift in Sources */,
				1E4BCA3B20DE64A2002B310F /* Image.swift in Sources */,
				1E4BCA6D20DE64A2002B310F /* DocumentPropertyResponse.swift in Sources */,
				1E4BCA3C20DE64A2002B310F /* DocumentTextReplaceResponse.swift in Sources */,
				1E4BCA5D20DE64A2002B310F /* DocumentResponse.swift in Sources */,
				1E4BCA4920DE64A2002B310F /* HttpStatusCode.swift in Sources */,
				1E4BCA3E20DE64A2002B310F /* DocumentProperties.swift in Sources */,
				1E6333EB20F13B18002ACFB6 /* ImageSrcType.swift in Sources */,
				1E4BCA7520DE64A2002B310F /* Pages.swift in Sources */,
				1E4BCAA920DE650E002B310F /* APIs.swift in Sources */,
				1E4BCA6F20DE64A2002B310F /* Attachments.swift in Sources */,
				1E4BCAA220DE650E002B310F /* CodableHelper.swift in Sources */,
				1E4BCA4D20DE64A2002B310F /* DocumentPagesResponse.swift in Sources */,
			);
			runOnlyForDeploymentPostprocessing = 0;
		};
		1ECBAAB920DE4F090020CD15 /* Sources */ = {
			isa = PBXSourcesBuildPhase;
			buildActionMask = 2147483647;
			files = (
				1E75A8B620F37C8B007036FB /* AnnotationsTests.swift in Sources */,
				1EA7C08120F4E9EC00EDAE33 /* AttachmentsTests.swift in Sources */,
				1EE09B5C20F748C1001DB24C /* PropertiesTests.swift in Sources */,
				1EAE26EA20F60FF20011A389 /* FieldsTests.swift in Sources */,
				1EAE26E420F5DBE60011A389 /* ConvertTests.swift in Sources */,
				1EE09B6420F7A944001DB24C /* TextTests.swift in Sources */,
				1E75A8BD20F3A73A007036FB /* UploadDownloadTests.swift in Sources */,
				1EE09B5820F7442D001DB24C /* ParagraphsTests.swift in Sources */,
				1E92E9E420F65C3A00CFC699 /* LinksTests.swift in Sources */,
				1E92E9E820F6609A00CFC699 /* OcrTests.swift in Sources */,
				1EE09B6020F76A6B001DB24C /* TextItemsTests.swift in Sources */,
				1EE09B6620F7AEE3001DB24C /* ConvertToPdfTests.swift in Sources */,
				1EAE26E820F606E90011A389 /* DocumentTests.swift in Sources */,
				1EA7C08320F504B800EDAE33 /* BookmarksTests.swift in Sources */,
				1E92E9E620F65E1D00CFC699 /* MergeTests.swift in Sources */,
				1EE09B5A20F74765001DB24C /* PrivilegesTests.swift in Sources */,
				1ECBAAC320DE4F090020CD15 /* AsposePdfCloudTests.swift in Sources */,
				1EE09B5E20F74E34001DB24C /* SignTests.swift in Sources */,
				1E92E9E020F650EA00CFC699 /* FragmentsAndSegmentsTests.swift in Sources */,
				1E3B278520F88E2500D9DBB2 /* PageConvertToImageTests.swift in Sources */,
				1E92E9E220F654C400CFC699 /* ImagesTests.swift in Sources */,
				1EAE26E620F602E20011A389 /* DocumentSaveAsTiffTests.swift in Sources */,
				1E92E9EA20F6623100CFC699 /* PagesTests.swift in Sources */,
				1EA7C07F20F4E26B00EDAE33 /* AppendTests.swift in Sources */,
				1EE09B6220F76BA6001DB24C /* TextReplaceTests.swift in Sources */,
			);
			runOnlyForDeploymentPostprocessing = 0;
		};
/* End PBXSourcesBuildPhase section */

/* Begin PBXTargetDependency section */
		1ECBAAC020DE4F090020CD15 /* PBXTargetDependency */ = {
			isa = PBXTargetDependency;
			target = 1ECBAAB320DE4F090020CD15 /* AsposePdfCloud */;
			targetProxy = 1ECBAABF20DE4F090020CD15 /* PBXContainerItemProxy */;
		};
/* End PBXTargetDependency section */

/* Begin XCBuildConfiguration section */
		1ECBAAC620DE4F090020CD15 /* Debug */ = {
			isa = XCBuildConfiguration;
			buildSettings = {
				ALWAYS_SEARCH_USER_PATHS = NO;
				CLANG_ANALYZER_NONNULL = YES;
				CLANG_ANALYZER_NUMBER_OBJECT_CONVERSION = YES_AGGRESSIVE;
				CLANG_CXX_LANGUAGE_STANDARD = "gnu++14";
				CLANG_CXX_LIBRARY = "libc++";
				CLANG_ENABLE_MODULES = YES;
				CLANG_ENABLE_OBJC_ARC = YES;
				CLANG_ENABLE_OBJC_WEAK = YES;
				CLANG_WARN_BLOCK_CAPTURE_AUTORELEASING = YES;
				CLANG_WARN_BOOL_CONVERSION = YES;
				CLANG_WARN_COMMA = YES;
				CLANG_WARN_CONSTANT_CONVERSION = YES;
				CLANG_WARN_DEPRECATED_OBJC_IMPLEMENTATIONS = YES;
				CLANG_WARN_DIRECT_OBJC_ISA_USAGE = YES_ERROR;
				CLANG_WARN_DOCUMENTATION_COMMENTS = YES;
				CLANG_WARN_EMPTY_BODY = YES;
				CLANG_WARN_ENUM_CONVERSION = YES;
				CLANG_WARN_INFINITE_RECURSION = YES;
				CLANG_WARN_INT_CONVERSION = YES;
				CLANG_WARN_NON_LITERAL_NULL_CONVERSION = YES;
				CLANG_WARN_OBJC_IMPLICIT_RETAIN_SELF = YES;
				CLANG_WARN_OBJC_LITERAL_CONVERSION = YES;
				CLANG_WARN_OBJC_ROOT_CLASS = YES_ERROR;
				CLANG_WARN_RANGE_LOOP_ANALYSIS = YES;
				CLANG_WARN_STRICT_PROTOTYPES = YES;
				CLANG_WARN_SUSPICIOUS_MOVE = YES;
				CLANG_WARN_UNGUARDED_AVAILABILITY = YES_AGGRESSIVE;
				CLANG_WARN_UNREACHABLE_CODE = YES;
				CLANG_WARN__DUPLICATE_METHOD_MATCH = YES;
				CODE_SIGN_IDENTITY = "iPhone Developer";
				COPY_PHASE_STRIP = NO;
				CURRENT_PROJECT_VERSION = 1;
				DEBUG_INFORMATION_FORMAT = dwarf;
				ENABLE_STRICT_OBJC_MSGSEND = YES;
				ENABLE_TESTABILITY = YES;
				GCC_C_LANGUAGE_STANDARD = gnu11;
				GCC_DYNAMIC_NO_PIC = NO;
				GCC_NO_COMMON_BLOCKS = YES;
				GCC_OPTIMIZATION_LEVEL = 0;
				GCC_PREPROCESSOR_DEFINITIONS = (
					"DEBUG=1",
					"$(inherited)",
				);
				GCC_WARN_64_TO_32_BIT_CONVERSION = YES;
				GCC_WARN_ABOUT_RETURN_TYPE = YES_ERROR;
				GCC_WARN_UNDECLARED_SELECTOR = YES;
				GCC_WARN_UNINITIALIZED_AUTOS = YES_AGGRESSIVE;
				GCC_WARN_UNUSED_FUNCTION = YES;
				GCC_WARN_UNUSED_VARIABLE = YES;
				IPHONEOS_DEPLOYMENT_TARGET = 11.4;
				MTL_ENABLE_DEBUG_INFO = YES;
				ONLY_ACTIVE_ARCH = YES;
				SDKROOT = iphoneos;
				SWIFT_ACTIVE_COMPILATION_CONDITIONS = DEBUG;
				SWIFT_OPTIMIZATION_LEVEL = "-Onone";
				VERSIONING_SYSTEM = "apple-generic";
				VERSION_INFO_PREFIX = "";
			};
			name = Debug;
		};
		1ECBAAC720DE4F090020CD15 /* Release */ = {
			isa = XCBuildConfiguration;
			buildSettings = {
				ALWAYS_SEARCH_USER_PATHS = NO;
				CLANG_ANALYZER_NONNULL = YES;
				CLANG_ANALYZER_NUMBER_OBJECT_CONVERSION = YES_AGGRESSIVE;
				CLANG_CXX_LANGUAGE_STANDARD = "gnu++14";
				CLANG_CXX_LIBRARY = "libc++";
				CLANG_ENABLE_MODULES = YES;
				CLANG_ENABLE_OBJC_ARC = YES;
				CLANG_ENABLE_OBJC_WEAK = YES;
				CLANG_WARN_BLOCK_CAPTURE_AUTORELEASING = YES;
				CLANG_WARN_BOOL_CONVERSION = YES;
				CLANG_WARN_COMMA = YES;
				CLANG_WARN_CONSTANT_CONVERSION = YES;
				CLANG_WARN_DEPRECATED_OBJC_IMPLEMENTATIONS = YES;
				CLANG_WARN_DIRECT_OBJC_ISA_USAGE = YES_ERROR;
				CLANG_WARN_DOCUMENTATION_COMMENTS = YES;
				CLANG_WARN_EMPTY_BODY = YES;
				CLANG_WARN_ENUM_CONVERSION = YES;
				CLANG_WARN_INFINITE_RECURSION = YES;
				CLANG_WARN_INT_CONVERSION = YES;
				CLANG_WARN_NON_LITERAL_NULL_CONVERSION = YES;
				CLANG_WARN_OBJC_IMPLICIT_RETAIN_SELF = YES;
				CLANG_WARN_OBJC_LITERAL_CONVERSION = YES;
				CLANG_WARN_OBJC_ROOT_CLASS = YES_ERROR;
				CLANG_WARN_RANGE_LOOP_ANALYSIS = YES;
				CLANG_WARN_STRICT_PROTOTYPES = YES;
				CLANG_WARN_SUSPICIOUS_MOVE = YES;
				CLANG_WARN_UNGUARDED_AVAILABILITY = YES_AGGRESSIVE;
				CLANG_WARN_UNREACHABLE_CODE = YES;
				CLANG_WARN__DUPLICATE_METHOD_MATCH = YES;
				CODE_SIGN_IDENTITY = "iPhone Developer";
				COPY_PHASE_STRIP = NO;
				CURRENT_PROJECT_VERSION = 1;
				DEBUG_INFORMATION_FORMAT = "dwarf-with-dsym";
				ENABLE_NS_ASSERTIONS = NO;
				ENABLE_STRICT_OBJC_MSGSEND = YES;
				GCC_C_LANGUAGE_STANDARD = gnu11;
				GCC_NO_COMMON_BLOCKS = YES;
				GCC_WARN_64_TO_32_BIT_CONVERSION = YES;
				GCC_WARN_ABOUT_RETURN_TYPE = YES_ERROR;
				GCC_WARN_UNDECLARED_SELECTOR = YES;
				GCC_WARN_UNINITIALIZED_AUTOS = YES_AGGRESSIVE;
				GCC_WARN_UNUSED_FUNCTION = YES;
				GCC_WARN_UNUSED_VARIABLE = YES;
				IPHONEOS_DEPLOYMENT_TARGET = 11.4;
				MTL_ENABLE_DEBUG_INFO = NO;
				SDKROOT = iphoneos;
				SWIFT_COMPILATION_MODE = wholemodule;
				SWIFT_OPTIMIZATION_LEVEL = "-O";
				VALIDATE_PRODUCT = YES;
				VERSIONING_SYSTEM = "apple-generic";
				VERSION_INFO_PREFIX = "";
			};
			name = Release;
		};
		1ECBAAC920DE4F090020CD15 /* Debug */ = {
			isa = XCBuildConfiguration;
			baseConfigurationReference = 3E39456274F2BE66188E830B /* Pods-AsposePdfCloud.debug.xcconfig */;
			buildSettings = {
				CLANG_ENABLE_MODULES = YES;
				CODE_SIGN_IDENTITY = "iPhone Developer";
				CODE_SIGN_STYLE = Manual;
				DEFINES_MODULE = YES;
				DEVELOPMENT_TEAM = ZYMMPS4T34;
				DYLIB_COMPATIBILITY_VERSION = 1;
				DYLIB_CURRENT_VERSION = 1;
				DYLIB_INSTALL_NAME_BASE = "@rpath";
				FRAMEWORK_SEARCH_PATHS = (
					"$(inherited)",
					"$(PROJECT_DIR)/Carthage/Build/iOS",
				);
				INFOPLIST_FILE = AsposePdfCloud/Info.plist;
				INSTALL_PATH = "$(LOCAL_LIBRARY_DIR)/Frameworks";
				LD_RUNPATH_SEARCH_PATHS = (
					"$(inherited)",
					"@executable_path/Frameworks",
					"@loader_path/Frameworks",
				);
				PRODUCT_BUNDLE_IDENTIFIER = com.aspose.AsposePdfCloud;
				PRODUCT_NAME = "$(TARGET_NAME:c99extidentifier)";
				PROVISIONING_PROFILE_SPECIFIER = "";
				SKIP_INSTALL = YES;
				SWIFT_OPTIMIZATION_LEVEL = "-Onone";
				SWIFT_VERSION = 4.0;
				TARGETED_DEVICE_FAMILY = "1,2";
			};
			name = Debug;
		};
		1ECBAACA20DE4F090020CD15 /* Release */ = {
			isa = XCBuildConfiguration;
			baseConfigurationReference = 0C85B165E967EB0CC5651D66 /* Pods-AsposePdfCloud.release.xcconfig */;
			buildSettings = {
				CLANG_ENABLE_MODULES = YES;
				CODE_SIGN_IDENTITY = "iPhone Developer";
				CODE_SIGN_STYLE = Manual;
				DEFINES_MODULE = YES;
				DEVELOPMENT_TEAM = ZYMMPS4T34;
				DYLIB_COMPATIBILITY_VERSION = 1;
				DYLIB_CURRENT_VERSION = 1;
				DYLIB_INSTALL_NAME_BASE = "@rpath";
				FRAMEWORK_SEARCH_PATHS = (
					"$(inherited)",
					"$(PROJECT_DIR)/Carthage/Build/iOS",
				);
				INFOPLIST_FILE = AsposePdfCloud/Info.plist;
				INSTALL_PATH = "$(LOCAL_LIBRARY_DIR)/Frameworks";
				LD_RUNPATH_SEARCH_PATHS = (
					"$(inherited)",
					"@executable_path/Frameworks",
					"@loader_path/Frameworks",
				);
				PRODUCT_BUNDLE_IDENTIFIER = com.aspose.AsposePdfCloud;
				PRODUCT_NAME = "$(TARGET_NAME:c99extidentifier)";
				PROVISIONING_PROFILE_SPECIFIER = "";
				SKIP_INSTALL = YES;
				SWIFT_VERSION = 4.0;
				TARGETED_DEVICE_FAMILY = "1,2";
			};
			name = Release;
		};
		1ECBAACC20DE4F090020CD15 /* Debug */ = {
			isa = XCBuildConfiguration;
			buildSettings = {
				ALWAYS_EMBED_SWIFT_STANDARD_LIBRARIES = YES;
				CODE_SIGN_STYLE = Automatic;
				DEVELOPMENT_TEAM = 2J7FTC9Q5N;
				INFOPLIST_FILE = AsposePdfCloudTests/Info.plist;
				LD_RUNPATH_SEARCH_PATHS = (
					"$(inherited)",
					"@executable_path/Frameworks",
					"@loader_path/Frameworks",
				);
				PRODUCT_BUNDLE_IDENTIFIER = com.aspose.AsposePdfCloudTests;
				PRODUCT_NAME = "$(TARGET_NAME)";
				SWIFT_VERSION = 4.0;
				TARGETED_DEVICE_FAMILY = "1,2";
			};
			name = Debug;
		};
		1ECBAACD20DE4F090020CD15 /* Release */ = {
			isa = XCBuildConfiguration;
			buildSettings = {
				ALWAYS_EMBED_SWIFT_STANDARD_LIBRARIES = YES;
				CODE_SIGN_STYLE = Automatic;
				DEVELOPMENT_TEAM = 2J7FTC9Q5N;
				INFOPLIST_FILE = AsposePdfCloudTests/Info.plist;
				LD_RUNPATH_SEARCH_PATHS = (
					"$(inherited)",
					"@executable_path/Frameworks",
					"@loader_path/Frameworks",
				);
				PRODUCT_BUNDLE_IDENTIFIER = com.aspose.AsposePdfCloudTests;
				PRODUCT_NAME = "$(TARGET_NAME)";
				SWIFT_VERSION = 4.0;
				TARGETED_DEVICE_FAMILY = "1,2";
			};
			name = Release;
		};
/* End XCBuildConfiguration section */

/* Begin XCConfigurationList section */
		1ECBAAAE20DE4F090020CD15 /* Build configuration list for PBXProject "AsposePdfCloud" */ = {
			isa = XCConfigurationList;
			buildConfigurations = (
				1ECBAAC620DE4F090020CD15 /* Debug */,
				1ECBAAC720DE4F090020CD15 /* Release */,
			);
			defaultConfigurationIsVisible = 0;
			defaultConfigurationName = Release;
		};
		1ECBAAC820DE4F090020CD15 /* Build configuration list for PBXNativeTarget "AsposePdfCloud" */ = {
			isa = XCConfigurationList;
			buildConfigurations = (
				1ECBAAC920DE4F090020CD15 /* Debug */,
				1ECBAACA20DE4F090020CD15 /* Release */,
			);
			defaultConfigurationIsVisible = 0;
			defaultConfigurationName = Release;
		};
		1ECBAACB20DE4F090020CD15 /* Build configuration list for PBXNativeTarget "AsposePdfCloudTests" */ = {
			isa = XCConfigurationList;
			buildConfigurations = (
				1ECBAACC20DE4F090020CD15 /* Debug */,
				1ECBAACD20DE4F090020CD15 /* Release */,
			);
			defaultConfigurationIsVisible = 0;
			defaultConfigurationName = Release;
		};
/* End XCConfigurationList section */
	};
	rootObject = 1ECBAAAB20DE4F090020CD15 /* Project object */;
}
